// !$*UTF8*$!
{
	archiveVersion = 1;
	classes = {
	};
	objectVersion = 46;
	objects = {

/* Begin PBXBuildFile section */
		27B03179149D29AF00BBA349 /* libgtest.a in Frameworks */ = {isa = PBXBuildFile; fileRef = 27B03178149D29AF00BBA349 /* libgtest.a */; };
		27B0317B149D29B300BBA349 /* liblib.a in Frameworks */ = {isa = PBXBuildFile; fileRef = 27B0317A149D29B300BBA349 /* liblib.a */; };
		27FFCDFC149D22A100D22F31 /* main.cpp in Sources */ = {isa = PBXBuildFile; fileRef = 27FFCDF9149D22A100D22F31 /* main.cpp */; };
		27FFCDFD149D22A100D22F31 /* atomic.cpp in Sources */ = {isa = PBXBuildFile; fileRef = 27FFCDFB149D22A100D22F31 /* atomic.cpp */; };
/* End PBXBuildFile section */

/* Begin PBXCopyFilesBuildPhase section */
		27FFCDB2149D224F00D22F31 /* CopyFiles */ = {
			isa = PBXCopyFilesBuildPhase;
			buildActionMask = 2147483647;
			dstPath = /usr/share/man/man1/;
			dstSubfolderSpec = 0;
			files = (
			);
			runOnlyForDeploymentPostprocessing = 1;
		};
/* End PBXCopyFilesBuildPhase section */

/* Begin PBXFileReference section */
		27B03178149D29AF00BBA349 /* libgtest.a */ = {isa = PBXFileReference; lastKnownFileType = archive.ar; name = libgtest.a; path = "../../../../Library/Developer/Xcode/DerivedData/riot-doxjzheuocksatbcfmgdtnliodya/Build/Products/Debug/libgtest.a"; sourceTree = "<group>"; };
		27B0317A149D29B300BBA349 /* liblib.a */ = {isa = PBXFileReference; lastKnownFileType = archive.ar; name = liblib.a; path = ../../build/bin/liblib.a; sourceTree = "<group>"; };
		27FFCDB4149D224F00D22F31 /* test */ = {isa = PBXFileReference; explicitFileType = "compiled.mach-o.executable"; includeInIndex = 0; path = test; sourceTree = BUILT_PRODUCTS_DIR; };
		27FFCDF9149D22A100D22F31 /* main.cpp */ = {isa = PBXFileReference; fileEncoding = 4; lastKnownFileType = sourcecode.cpp.cpp; path = main.cpp; sourceTree = "<group>"; };
		27FFCDFB149D22A100D22F31 /* atomic.cpp */ = {isa = PBXFileReference; fileEncoding = 4; lastKnownFileType = sourcecode.cpp.cpp; path = atomic.cpp; sourceTree = "<group>"; };
		27FFCE01149D22DB00D22F31 /* liblib.a */ = {isa = PBXFileReference; lastKnownFileType = archive.ar; name = liblib.a; path = build/Release/liblib.a; sourceTree = "<group>"; };
		27FFCE0A149D243E00D22F31 /* libgtest.a */ = {isa = PBXFileReference; lastKnownFileType = archive.ar; name = libgtest.a; path = "../../external/gtest-1.6.0/xcode/build/Release/libgtest.a"; sourceTree = "<group>"; };
/* End PBXFileReference section */

/* Begin PBXFrameworksBuildPhase section */
		27FFCDB1149D224F00D22F31 /* Frameworks */ = {
			isa = PBXFrameworksBuildPhase;
			buildActionMask = 2147483647;
			files = (
				27B0317B149D29B300BBA349 /* liblib.a in Frameworks */,
				27B03179149D29AF00BBA349 /* libgtest.a in Frameworks */,
			);
			runOnlyForDeploymentPostprocessing = 0;
		};
/* End PBXFrameworksBuildPhase section */

/* Begin PBXGroup section */
		27FFCDA9149D224F00D22F31 = {
			isa = PBXGroup;
			children = (
				27B0317A149D29B300BBA349 /* liblib.a */,
				27B03178149D29AF00BBA349 /* libgtest.a */,
				27FFCDF8149D22A100D22F31 /* test */,
				27FFCDB5149D224F00D22F31 /* Products */,
				27FFCE0A149D243E00D22F31 /* libgtest.a */,
				27FFCE01149D22DB00D22F31 /* liblib.a */,
			);
			sourceTree = "<group>";
		};
		27FFCDB5149D224F00D22F31 /* Products */ = {
			isa = PBXGroup;
			children = (
				27FFCDB4149D224F00D22F31 /* test */,
			);
			name = Products;
			sourceTree = "<group>";
		};
		27FFCDF8149D22A100D22F31 /* test */ = {
			isa = PBXGroup;
			children = (
				27FFCDF9149D22A100D22F31 /* main.cpp */,
				27FFCDFA149D22A100D22F31 /* system */,
			);
			name = test;
			path = ../../test;
			sourceTree = "<group>";
		};
		27FFCDFA149D22A100D22F31 /* system */ = {
			isa = PBXGroup;
			children = (
				27FFCDFB149D22A100D22F31 /* atomic.cpp */,
			);
			path = system;
			sourceTree = "<group>";
		};
/* End PBXGroup section */

/* Begin PBXNativeTarget section */
		27FFCDB3149D224F00D22F31 /* test */ = {
			isa = PBXNativeTarget;
			buildConfigurationList = 27FFCDBE149D224F00D22F31 /* Build configuration list for PBXNativeTarget "test" */;
			buildPhases = (
				27FFCDB0149D224F00D22F31 /* Sources */,
				27FFCDB1149D224F00D22F31 /* Frameworks */,
				27FFCDB2149D224F00D22F31 /* CopyFiles */,
				27B29E5A149D2D78001C1928 /* ShellScript */,
			);
			buildRules = (
			);
			dependencies = (
			);
			name = test;
			productName = test;
			productReference = 27FFCDB4149D224F00D22F31 /* test */;
			productType = "com.apple.product-type.tool";
		};
/* End PBXNativeTarget section */

/* Begin PBXProject section */
		27FFCDAB149D224F00D22F31 /* Project object */ = {
			isa = PBXProject;
			attributes = {
				LastUpgradeCheck = 0420;
				ORGANIZATIONNAME = none;
			};
			buildConfigurationList = 27FFCDAE149D224F00D22F31 /* Build configuration list for PBXProject "test" */;
			compatibilityVersion = "Xcode 3.2";
			developmentRegion = English;
			hasScannedForEncodings = 0;
			knownRegions = (
				en,
			);
			mainGroup = 27FFCDA9149D224F00D22F31;
			productRefGroup = 27FFCDB5149D224F00D22F31 /* Products */;
			projectDirPath = "";
			projectRoot = "";
			targets = (
				27FFCDB3149D224F00D22F31 /* test */,
			);
		};
/* End PBXProject section */

/* Begin PBXShellScriptBuildPhase section */
		27B29E5A149D2D78001C1928 /* ShellScript */ = {
			isa = PBXShellScriptBuildPhase;
			buildActionMask = 8;
			files = (
			);
			inputPaths = (
			);
			outputPaths = (
			);
			runOnlyForDeploymentPostprocessing = 1;
			shellPath = /bin/sh;
			shellScript = $TARGET_BUILD_DIR/test;
		};
/* End PBXShellScriptBuildPhase section */

/* Begin PBXSourcesBuildPhase section */
		27FFCDB0149D224F00D22F31 /* Sources */ = {
			isa = PBXSourcesBuildPhase;
			buildActionMask = 2147483647;
			files = (
				27FFCDFC149D22A100D22F31 /* main.cpp in Sources */,
				27FFCDFD149D22A100D22F31 /* atomic.cpp in Sources */,
			);
			runOnlyForDeploymentPostprocessing = 0;
		};
/* End PBXSourcesBuildPhase section */

/* Begin XCBuildConfiguration section */
		27FFCDBC149D224F00D22F31 /* Debug */ = {
			isa = XCBuildConfiguration;
			buildSettings = {
				ALWAYS_SEARCH_USER_PATHS = NO;
				ARCHS = "$(ARCHS_STANDARD_64_BIT)";
				CONFIGURATION_BUILD_DIR = ../../build/bin;
				CONFIGURATION_TEMP_DIR = ../../build/obj/test;
				COPY_PHASE_STRIP = NO;
				GCC_C_LANGUAGE_STANDARD = gnu99;
				GCC_DYNAMIC_NO_PIC = NO;
				GCC_ENABLE_OBJC_EXCEPTIONS = YES;
				GCC_OPTIMIZATION_LEVEL = 0;
				GCC_PREPROCESSOR_DEFINITIONS = (
					"DEBUG=1",
					"$(inherited)",
				);
				GCC_SYMBOLS_PRIVATE_EXTERN = NO;
				GCC_VERSION = com.apple.compilers.llvmgcc42;
				GCC_WARN_64_TO_32_BIT_CONVERSION = YES;
				GCC_WARN_ABOUT_MISSING_PROTOTYPES = YES;
				GCC_WARN_ABOUT_RETURN_TYPE = YES;
				GCC_WARN_UNUSED_VARIABLE = YES;
				HEADER_SEARCH_PATHS = ../../lib/include;
				MACOSX_DEPLOYMENT_TARGET = 10.7;
				OBJROOT = ../../build/obj/test;
				ONLY_ACTIVE_ARCH = YES;
				SDKROOT = macosx;
				SYMROOT = ../../build/bin;
				USER_HEADER_SEARCH_PATHS = "../../lib/include ../../external/gtest-1.6.0/include";
			};
			name = Debug;
		};
		27FFCDBD149D224F00D22F31 /* Release */ = {
			isa = XCBuildConfiguration;
			buildSettings = {
				ALWAYS_SEARCH_USER_PATHS = NO;
				ARCHS = "$(ARCHS_STANDARD_64_BIT)";
				CONFIGURATION_BUILD_DIR = ../../build/bin;
				CONFIGURATION_TEMP_DIR = ../../build/obj/test;
				COPY_PHASE_STRIP = YES;
				DEBUG_INFORMATION_FORMAT = "dwarf-with-dsym";
				GCC_C_LANGUAGE_STANDARD = gnu99;
				GCC_ENABLE_OBJC_EXCEPTIONS = YES;
				GCC_VERSION = com.apple.compilers.llvmgcc42;
				GCC_WARN_64_TO_32_BIT_CONVERSION = YES;
				GCC_WARN_ABOUT_MISSING_PROTOTYPES = YES;
				GCC_WARN_ABOUT_RETURN_TYPE = YES;
				GCC_WARN_UNUSED_VARIABLE = YES;
				HEADER_SEARCH_PATHS = ../../lib/include;
				MACOSX_DEPLOYMENT_TARGET = 10.7;
				OBJROOT = ../../build/obj/test;
				SDKROOT = macosx;
				SYMROOT = ../../build/bin;
				USER_HEADER_SEARCH_PATHS = "../../lib/include ../../external/gtest-1.6.0/include";
			};
			name = Release;
		};
		27FFCDBF149D224F00D22F31 /* Debug */ = {
			isa = XCBuildConfiguration;
			buildSettings = {
				LIBRARY_SEARCH_PATHS = (
					"$(inherited)",
					"\"$(SRCROOT)/../../../../Library/Developer/Xcode/DerivedData/riot-doxjzheuocksatbcfmgdtnliodya/Build/Products/Debug\"",
					"\"$(SRCROOT)/../../build/bin\"",
				);
				PRODUCT_NAME = "$(TARGET_NAME)";
			};
			name = Debug;
		};
		27FFCDC0149D224F00D22F31 /* Release */ = {
			isa = XCBuildConfiguration;
			buildSettings = {
				LIBRARY_SEARCH_PATHS = (
					"$(inherited)",
					"\"$(SRCROOT)/../../../../Library/Developer/Xcode/DerivedData/riot-doxjzheuocksatbcfmgdtnliodya/Build/Products/Debug\"",
					"\"$(SRCROOT)/../../build/bin\"",
				);
				PRODUCT_NAME = "$(TARGET_NAME)";
			};
			name = Release;
		};
/* End XCBuildConfiguration section */

/* Begin XCConfigurationList section */
		27FFCDAE149D224F00D22F31 /* Build configuration list for PBXProject "test" */ = {
			isa = XCConfigurationList;
			buildConfigurations = (
				27FFCDBC149D224F00D22F31 /* Debug */,
				27FFCDBD149D224F00D22F31 /* Release */,
			);
			defaultConfigurationIsVisible = 0;
			defaultConfigurationName = Release;
		};
		27FFCDBE149D224F00D22F31 /* Build configuration list for PBXNativeTarget "test" */ = {
			isa = XCConfigurationList;
			buildConfigurations = (
				27FFCDBF149D224F00D22F31 /* Debug */,
				27FFCDC0149D224F00D22F31 /* Release */,
			);
			defaultConfigurationIsVisible = 0;
			defaultConfigurationName = Release;
		};
/* End XCConfigurationList section */
	};
	rootObject = 27FFCDAB149D224F00D22F31 /* Project object */;
}
