// !$*UTF8*$!
{
	archiveVersion = 1;
	classes = {
	};
	objectVersion = 46;
	objects = {

/* Begin PBXBuildFile section */
		27B0317B149D29B300BBA349 /* liblib.a in Frameworks */ = {isa = PBXBuildFile; fileRef = 27B0317A149D29B300BBA349 /* liblib.a */; };
		27FFCDFC149D22A100D22F31 /* main.cpp in Sources */ = {isa = PBXBuildFile; fileRef = 27FFCDF9149D22A100D22F31 /* main.cpp */; };
		CDF2343414B516B600B1AE88 /* libgtest.a in Frameworks */ = {isa = PBXBuildFile; fileRef = CDF2343214B5166D00B1AE88 /* libgtest.a */; };
		CDF2344314B516DE00B1AE88 /* application.cpp in Sources */ = {isa = PBXBuildFile; fileRef = CDF2343614B516DE00B1AE88 /* application.cpp */; };
		CDF2344414B516DE00B1AE88 /* core.cpp in Sources */ = {isa = PBXBuildFile; fileRef = CDF2343814B516DE00B1AE88 /* core.cpp */; };
		CDF2344514B516DE00B1AE88 /* graphics.cpp in Sources */ = {isa = PBXBuildFile; fileRef = CDF2343A14B516DE00B1AE88 /* graphics.cpp */; };
		CDF2344614B516DE00B1AE88 /* atomic.cpp in Sources */ = {isa = PBXBuildFile; fileRef = CDF2343C14B516DE00B1AE88 /* atomic.cpp */; };
		CDF2344714B516DE00B1AE88 /* file.cpp in Sources */ = {isa = PBXBuildFile; fileRef = CDF2343D14B516DE00B1AE88 /* file.cpp */; };
		CDF2344814B516DE00B1AE88 /* hardware.cpp in Sources */ = {isa = PBXBuildFile; fileRef = CDF2343E14B516DE00B1AE88 /* hardware.cpp */; };
		CDF2344914B516DE00B1AE88 /* memory.cpp in Sources */ = {isa = PBXBuildFile; fileRef = CDF2343F14B516DE00B1AE88 /* memory.cpp */; };
		CDF2344A14B516DE00B1AE88 /* thread.cpp in Sources */ = {isa = PBXBuildFile; fileRef = CDF2344014B516DE00B1AE88 /* thread.cpp */; };
		CDF2344B14B516DE00B1AE88 /* timer.cpp in Sources */ = {isa = PBXBuildFile; fileRef = CDF2344114B516DE00B1AE88 /* timer.cpp */; };
		CDF2344C14B516DE00B1AE88 /* types.cpp in Sources */ = {isa = PBXBuildFile; fileRef = CDF2344214B516DE00B1AE88 /* types.cpp */; };
/* End PBXBuildFile section */

/* Begin PBXCopyFilesBuildPhase section */
		27FFCDB2149D224F00D22F31 /* CopyFiles */ = {
			isa = PBXCopyFilesBuildPhase;
			buildActionMask = 2147483647;
			dstPath = /usr/share/man/man1/;
			dstSubfolderSpec = 0;
			files = (
			);
			runOnlyForDeploymentPostprocessing = 1;
		};
/* End PBXCopyFilesBuildPhase section */

/* Begin PBXFileReference section */
		27B0317A149D29B300BBA349 /* liblib.a */ = {isa = PBXFileReference; lastKnownFileType = archive.ar; name = liblib.a; path = ../../build/bin/liblib.a; sourceTree = "<group>"; };
		27FFCDB4149D224F00D22F31 /* test */ = {isa = PBXFileReference; explicitFileType = "compiled.mach-o.executable"; includeInIndex = 0; path = test; sourceTree = BUILT_PRODUCTS_DIR; };
		27FFCDF9149D22A100D22F31 /* main.cpp */ = {isa = PBXFileReference; fileEncoding = 4; lastKnownFileType = sourcecode.cpp.cpp; path = main.cpp; sourceTree = "<group>"; };
		CDF2343214B5166D00B1AE88 /* libgtest.a */ = {isa = PBXFileReference; lastKnownFileType = archive.ar; name = libgtest.a; path = "../../external/gtest-1.6.0/xcode/build/Debug/libgtest.a"; sourceTree = "<group>"; };
		CDF2343614B516DE00B1AE88 /* application.cpp */ = {isa = PBXFileReference; fileEncoding = 4; lastKnownFileType = sourcecode.cpp.cpp; path = application.cpp; sourceTree = "<group>"; };
		CDF2343814B516DE00B1AE88 /* core.cpp */ = {isa = PBXFileReference; fileEncoding = 4; lastKnownFileType = sourcecode.cpp.cpp; path = core.cpp; sourceTree = "<group>"; };
		CDF2343A14B516DE00B1AE88 /* graphics.cpp */ = {isa = PBXFileReference; fileEncoding = 4; lastKnownFileType = sourcecode.cpp.cpp; path = graphics.cpp; sourceTree = "<group>"; };
		CDF2343C14B516DE00B1AE88 /* atomic.cpp */ = {isa = PBXFileReference; fileEncoding = 4; lastKnownFileType = sourcecode.cpp.cpp; path = atomic.cpp; sourceTree = "<group>"; };
		CDF2343D14B516DE00B1AE88 /* file.cpp */ = {isa = PBXFileReference; fileEncoding = 4; lastKnownFileType = sourcecode.cpp.cpp; path = file.cpp; sourceTree = "<group>"; };
		CDF2343E14B516DE00B1AE88 /* hardware.cpp */ = {isa = PBXFileReference; fileEncoding = 4; lastKnownFileType = sourcecode.cpp.cpp; path = hardware.cpp; sourceTree = "<group>"; };
		CDF2343F14B516DE00B1AE88 /* memory.cpp */ = {isa = PBXFileReference; fileEncoding = 4; lastKnownFileType = sourcecode.cpp.cpp; path = memory.cpp; sourceTree = "<group>"; };
		CDF2344014B516DE00B1AE88 /* thread.cpp */ = {isa = PBXFileReference; fileEncoding = 4; lastKnownFileType = sourcecode.cpp.cpp; path = thread.cpp; sourceTree = "<group>"; };
		CDF2344114B516DE00B1AE88 /* timer.cpp */ = {isa = PBXFileReference; fileEncoding = 4; lastKnownFileType = sourcecode.cpp.cpp; path = timer.cpp; sourceTree = "<group>"; };
		CDF2344214B516DE00B1AE88 /* types.cpp */ = {isa = PBXFileReference; fileEncoding = 4; lastKnownFileType = sourcecode.cpp.cpp; path = types.cpp; sourceTree = "<group>"; };
/* End PBXFileReference section */

/* Begin PBXFrameworksBuildPhase section */
		27FFCDB1149D224F00D22F31 /* Frameworks */ = {
			isa = PBXFrameworksBuildPhase;
			buildActionMask = 2147483647;
			files = (
				CDF2343414B516B600B1AE88 /* libgtest.a in Frameworks */,
				27B0317B149D29B300BBA349 /* liblib.a in Frameworks */,
			);
			runOnlyForDeploymentPostprocessing = 0;
		};
/* End PBXFrameworksBuildPhase section */

/* Begin PBXGroup section */
		27FFCDA9149D224F00D22F31 = {
			isa = PBXGroup;
			children = (
				CDF2343214B5166D00B1AE88 /* libgtest.a */,
				27B0317A149D29B300BBA349 /* liblib.a */,
				27FFCDF8149D22A100D22F31 /* test */,
				27FFCDB5149D224F00D22F31 /* Products */,
			);
			sourceTree = "<group>";
		};
		27FFCDB5149D224F00D22F31 /* Products */ = {
			isa = PBXGroup;
			children = (
				27FFCDB4149D224F00D22F31 /* test */,
			);
			name = Products;
			sourceTree = "<group>";
		};
		27FFCDF8149D22A100D22F31 /* test */ = {
			isa = PBXGroup;
			children = (
				CDF2343514B516DE00B1AE88 /* application */,
				CDF2343714B516DE00B1AE88 /* engine */,
				CDF2343914B516DE00B1AE88 /* graphics */,
				CDF2343B14B516DE00B1AE88 /* system */,
				27FFCDF9149D22A100D22F31 /* main.cpp */,
			);
			name = test;
			path = ../../test;
			sourceTree = "<group>";
		};
		CDF2343514B516DE00B1AE88 /* application */ = {
			isa = PBXGroup;
			children = (
				CDF2343614B516DE00B1AE88 /* application.cpp */,
			);
			path = application;
			sourceTree = "<group>";
		};
		CDF2343714B516DE00B1AE88 /* engine */ = {
			isa = PBXGroup;
			children = (
				CDF2343814B516DE00B1AE88 /* core.cpp */,
			);
			path = engine;
			sourceTree = "<group>";
		};
		CDF2343914B516DE00B1AE88 /* graphics */ = {
			isa = PBXGroup;
			children = (
				CDF2343A14B516DE00B1AE88 /* graphics.cpp */,
			);
			path = graphics;
			sourceTree = "<group>";
		};
		CDF2343B14B516DE00B1AE88 /* system */ = {
			isa = PBXGroup;
			children = (
				CDF2343C14B516DE00B1AE88 /* atomic.cpp */,
				CDF2343D14B516DE00B1AE88 /* file.cpp */,
				CDF2343E14B516DE00B1AE88 /* hardware.cpp */,
				CDF2343F14B516DE00B1AE88 /* memory.cpp */,
				CDF2344014B516DE00B1AE88 /* thread.cpp */,
				CDF2344114B516DE00B1AE88 /* timer.cpp */,
				CDF2344214B516DE00B1AE88 /* types.cpp */,
			);
			path = system;
			sourceTree = "<group>";
		};
/* End PBXGroup section */

/* Begin PBXNativeTarget section */
		27FFCDB3149D224F00D22F31 /* test */ = {
			isa = PBXNativeTarget;
			buildConfigurationList = 27FFCDBE149D224F00D22F31 /* Build configuration list for PBXNativeTarget "test" */;
			buildPhases = (
				27FFCDB0149D224F00D22F31 /* Sources */,
				27FFCDB1149D224F00D22F31 /* Frameworks */,
				27FFCDB2149D224F00D22F31 /* CopyFiles */,
				27B29E5A149D2D78001C1928 /* ShellScript */,
			);
			buildRules = (
			);
			dependencies = (
			);
			name = test;
			productName = test;
			productReference = 27FFCDB4149D224F00D22F31 /* test */;
			productType = "com.apple.product-type.tool";
		};
/* End PBXNativeTarget section */

/* Begin PBXProject section */
		27FFCDAB149D224F00D22F31 /* Project object */ = {
			isa = PBXProject;
			attributes = {
				LastUpgradeCheck = 0420;
				ORGANIZATIONNAME = none;
			};
			buildConfigurationList = 27FFCDAE149D224F00D22F31 /* Build configuration list for PBXProject "test" */;
			compatibilityVersion = "Xcode 3.2";
			developmentRegion = English;
			hasScannedForEncodings = 0;
			knownRegions = (
				en,
			);
			mainGroup = 27FFCDA9149D224F00D22F31;
			productRefGroup = 27FFCDB5149D224F00D22F31 /* Products */;
			projectDirPath = "";
			projectRoot = "";
			targets = (
				27FFCDB3149D224F00D22F31 /* test */,
			);
		};
/* End PBXProject section */

/* Begin PBXShellScriptBuildPhase section */
		27B29E5A149D2D78001C1928 /* ShellScript */ = {
			isa = PBXShellScriptBuildPhase;
			buildActionMask = 12;
			files = (
			);
			inputPaths = (
			);
			outputPaths = (
			);
			runOnlyForDeploymentPostprocessing = 0;
			shellPath = /bin/sh;
			shellScript = $TARGET_BUILD_DIR/test;
		};
/* End PBXShellScriptBuildPhase section */

/* Begin PBXSourcesBuildPhase section */
		27FFCDB0149D224F00D22F31 /* Sources */ = {
			isa = PBXSourcesBuildPhase;
			buildActionMask = 2147483647;
			files = (
				27FFCDFC149D22A100D22F31 /* main.cpp in Sources */,
				CDF2344314B516DE00B1AE88 /* application.cpp in Sources */,
				CDF2344414B516DE00B1AE88 /* core.cpp in Sources */,
				CDF2344514B516DE00B1AE88 /* graphics.cpp in Sources */,
				CDF2344614B516DE00B1AE88 /* atomic.cpp in Sources */,
				CDF2344714B516DE00B1AE88 /* file.cpp in Sources */,
				CDF2344814B516DE00B1AE88 /* hardware.cpp in Sources */,
				CDF2344914B516DE00B1AE88 /* memory.cpp in Sources */,
				CDF2344A14B516DE00B1AE88 /* thread.cpp in Sources */,
				CDF2344B14B516DE00B1AE88 /* timer.cpp in Sources */,
				CDF2344C14B516DE00B1AE88 /* types.cpp in Sources */,
			);
			runOnlyForDeploymentPostprocessing = 0;
		};
/* End PBXSourcesBuildPhase section */

/* Begin XCBuildConfiguration section */
		27FFCDBC149D224F00D22F31 /* Debug */ = {
			isa = XCBuildConfiguration;
			buildSettings = {
				ALWAYS_SEARCH_USER_PATHS = NO;
				ARCHS = "$(ARCHS_STANDARD_64_BIT)";
				CLANG_CXX_LANGUAGE_STANDARD = "gnu++0x";
				CONFIGURATION_BUILD_DIR = ../../build/bin;
				CONFIGURATION_TEMP_DIR = ../../build/obj/test;
				COPY_PHASE_STRIP = NO;
				GCC_C_LANGUAGE_STANDARD = gnu99;
				GCC_DYNAMIC_NO_PIC = NO;
				GCC_ENABLE_OBJC_EXCEPTIONS = YES;
				GCC_OPTIMIZATION_LEVEL = 0;
				GCC_PREPROCESSOR_DEFINITIONS = (
					"DEBUG=1",
					"$(inherited)",
				);
				GCC_SYMBOLS_PRIVATE_EXTERN = NO;
				GCC_VERSION = com.apple.compilers.llvmgcc42;
				GCC_WARN_64_TO_32_BIT_CONVERSION = YES;
				GCC_WARN_ABOUT_MISSING_PROTOTYPES = YES;
				GCC_WARN_ABOUT_RETURN_TYPE = YES;
				GCC_WARN_UNUSED_VARIABLE = YES;
				HEADER_SEARCH_PATHS = ../../lib/include;
				MACOSX_DEPLOYMENT_TARGET = 10.7;
				OBJROOT = ../../build/obj/test;
				ONLY_ACTIVE_ARCH = YES;
				SDKROOT = macosx;
				SYMROOT = ../../build/bin;
				USER_HEADER_SEARCH_PATHS = "../../lib/include ../../external/gtest-1.6.0/include";
			};
			name = Debug;
		};
		27FFCDBD149D224F00D22F31 /* Release */ = {
			isa = XCBuildConfiguration;
			buildSettings = {
				ALWAYS_SEARCH_USER_PATHS = NO;
				ARCHS = "$(ARCHS_STANDARD_64_BIT)";
				CLANG_CXX_LANGUAGE_STANDARD = "gnu++0x";
				CONFIGURATION_BUILD_DIR = ../../build/bin;
				CONFIGURATION_TEMP_DIR = ../../build/obj/test;
				COPY_PHASE_STRIP = YES;
				DEBUG_INFORMATION_FORMAT = "dwarf-with-dsym";
				GCC_C_LANGUAGE_STANDARD = gnu99;
				GCC_ENABLE_OBJC_EXCEPTIONS = YES;
				GCC_VERSION = com.apple.compilers.llvmgcc42;
				GCC_WARN_64_TO_32_BIT_CONVERSION = YES;
				GCC_WARN_ABOUT_MISSING_PROTOTYPES = YES;
				GCC_WARN_ABOUT_RETURN_TYPE = YES;
				GCC_WARN_UNUSED_VARIABLE = YES;
				HEADER_SEARCH_PATHS = ../../lib/include;
				MACOSX_DEPLOYMENT_TARGET = 10.7;
				OBJROOT = ../../build/obj/test;
				SDKROOT = macosx;
				SYMROOT = ../../build/bin;
				USER_HEADER_SEARCH_PATHS = "../../lib/include ../../external/gtest-1.6.0/include";
			};
			name = Release;
		};
		27FFCDBF149D224F00D22F31 /* Debug */ = {
			isa = XCBuildConfiguration;
			buildSettings = {
				GCC_VERSION = com.apple.compilers.llvm.clang.1_0;
				LIBRARY_SEARCH_PATHS = (
					"$(inherited)",
					"\"$(SRCROOT)/../../../../Library/Developer/Xcode/DerivedData/riot-doxjzheuocksatbcfmgdtnliodya/Build/Products/Debug\"",
					"\"$(SRCROOT)/../../build/bin\"",
					"\"$(SRCROOT)/../../external/gtest-1.6.0/xcode/build/Debug\"",
				);
				PRODUCT_NAME = "$(TARGET_NAME)";
			};
			name = Debug;
		};
		27FFCDC0149D224F00D22F31 /* Release */ = {
			isa = XCBuildConfiguration;
			buildSettings = {
				GCC_VERSION = com.apple.compilers.llvm.clang.1_0;
				LIBRARY_SEARCH_PATHS = (
					"$(inherited)",
					"\"$(SRCROOT)/../../../../Library/Developer/Xcode/DerivedData/riot-doxjzheuocksatbcfmgdtnliodya/Build/Products/Debug\"",
					"\"$(SRCROOT)/../../build/bin\"",
					"\"$(SRCROOT)/../../external/gtest-1.6.0/xcode/build/Debug\"",
				);
				PRODUCT_NAME = "$(TARGET_NAME)";
			};
			name = Release;
		};
/* End XCBuildConfiguration section */

/* Begin XCConfigurationList section */
		27FFCDAE149D224F00D22F31 /* Build configuration list for PBXProject "test" */ = {
			isa = XCConfigurationList;
			buildConfigurations = (
				27FFCDBC149D224F00D22F31 /* Debug */,
				27FFCDBD149D224F00D22F31 /* Release */,
			);
			defaultConfigurationIsVisible = 0;
			defaultConfigurationName = Release;
		};
		27FFCDBE149D224F00D22F31 /* Build configuration list for PBXNativeTarget "test" */ = {
			isa = XCConfigurationList;
			buildConfigurations = (
				27FFCDBF149D224F00D22F31 /* Debug */,
				27FFCDC0149D224F00D22F31 /* Release */,
			);
			defaultConfigurationIsVisible = 0;
			defaultConfigurationName = Release;
		};
/* End XCConfigurationList section */
	};
	rootObject = 27FFCDAB149D224F00D22F31 /* Project object */;
}
