// !$*UTF8*$!
{
	archiveVersion = 1;
	classes = {
	};
	objectVersion = 46;
	objects = {

/* Begin PBXBuildFile section */
		3607F17713C6B736009C8C9C /* Cocoa.framework in Frameworks */ = {isa = PBXBuildFile; fileRef = 3607F17613C6B736009C8C9C /* Cocoa.framework */; };
		3694FE7613C6B75E0000ABBC /* Credits.rtf in Resources */ = {isa = PBXBuildFile; fileRef = 3694FE6A13C6B75E0000ABBC /* Credits.rtf */; };
		3694FE7713C6B75E0000ABBC /* InfoPlist.strings in Resources */ = {isa = PBXBuildFile; fileRef = 3694FE6C13C6B75E0000ABBC /* InfoPlist.strings */; };
		3694FE7813C6B75E0000ABBC /* MainMenu.xib in Resources */ = {isa = PBXBuildFile; fileRef = 3694FE6E13C6B75E0000ABBC /* MainMenu.xib */; };
		3694FE7913C6B75E0000ABBC /* main.m in Sources */ = {isa = PBXBuildFile; fileRef = 3694FE7113C6B75E0000ABBC /* main.m */; };
		3694FE7A13C6B75E0000ABBC /* Riot-Info.plist in Resources */ = {isa = PBXBuildFile; fileRef = 3694FE7213C6B75E0000ABBC /* Riot-Info.plist */; };
		3694FE7B13C6B75E0000ABBC /* osx_application.m in Sources */ = {isa = PBXBuildFile; fileRef = 3694FE7513C6B75E0000ABBC /* osx_application.m */; };
/* End PBXBuildFile section */

/* Begin PBXFileReference section */
		3607F17213C6B736009C8C9C /* Riot.app */ = {isa = PBXFileReference; explicitFileType = wrapper.application; includeInIndex = 0; path = Riot.app; sourceTree = BUILT_PRODUCTS_DIR; };
		3607F17613C6B736009C8C9C /* Cocoa.framework */ = {isa = PBXFileReference; lastKnownFileType = wrapper.framework; name = Cocoa.framework; path = System/Library/Frameworks/Cocoa.framework; sourceTree = SDKROOT; };
		3607F17913C6B736009C8C9C /* AppKit.framework */ = {isa = PBXFileReference; lastKnownFileType = wrapper.framework; name = AppKit.framework; path = System/Library/Frameworks/AppKit.framework; sourceTree = SDKROOT; };
		3607F17A13C6B736009C8C9C /* CoreData.framework */ = {isa = PBXFileReference; lastKnownFileType = wrapper.framework; name = CoreData.framework; path = System/Library/Frameworks/CoreData.framework; sourceTree = SDKROOT; };
		3607F17B13C6B736009C8C9C /* Foundation.framework */ = {isa = PBXFileReference; lastKnownFileType = wrapper.framework; name = Foundation.framework; path = System/Library/Frameworks/Foundation.framework; sourceTree = SDKROOT; };
		3694FE6913C6B75E0000ABBC /* detail.h */ = {isa = PBXFileReference; fileEncoding = 4; lastKnownFileType = sourcecode.c.h; path = detail.h; sourceTree = "<group>"; };
		3694FE6B13C6B75E0000ABBC /* en */ = {isa = PBXFileReference; lastKnownFileType = text.rtf; name = en; path = en.lproj/Credits.rtf; sourceTree = "<group>"; };
		3694FE6D13C6B75E0000ABBC /* en */ = {isa = PBXFileReference; lastKnownFileType = text.plist.strings; name = en; path = en.lproj/InfoPlist.strings; sourceTree = "<group>"; };
		3694FE6F13C6B75E0000ABBC /* en */ = {isa = PBXFileReference; lastKnownFileType = file.xib; name = en; path = en.lproj/MainMenu.xib; sourceTree = "<group>"; };
		3694FE7013C6B75E0000ABBC /* main.h */ = {isa = PBXFileReference; fileEncoding = 4; lastKnownFileType = sourcecode.c.h; path = main.h; sourceTree = "<group>"; };
		3694FE7113C6B75E0000ABBC /* main.m */ = {isa = PBXFileReference; fileEncoding = 4; lastKnownFileType = sourcecode.c.objc; path = main.m; sourceTree = "<group>"; };
		3694FE7213C6B75E0000ABBC /* Riot-Info.plist */ = {isa = PBXFileReference; fileEncoding = 4; lastKnownFileType = text.plist.xml; path = "Riot-Info.plist"; sourceTree = "<group>"; };
		3694FE7413C6B75E0000ABBC /* osx_application.h */ = {isa = PBXFileReference; fileEncoding = 4; lastKnownFileType = sourcecode.c.h; path = osx_application.h; sourceTree = "<group>"; };
		3694FE7513C6B75E0000ABBC /* osx_application.m */ = {isa = PBXFileReference; fileEncoding = 4; lastKnownFileType = sourcecode.c.objc; path = osx_application.m; sourceTree = "<group>"; };
		3694FE8013C6B8B00000ABBC /* assert.h */ = {isa = PBXFileReference; fileEncoding = 4; lastKnownFileType = sourcecode.c.h; path = assert.h; sourceTree = "<group>"; };
		3694FE8113C6B8B00000ABBC /* config.h */ = {isa = PBXFileReference; fileEncoding = 4; lastKnownFileType = sourcecode.c.h; path = config.h; sourceTree = "<group>"; };
		3694FE8213C6B8B00000ABBC /* global.h */ = {isa = PBXFileReference; fileEncoding = 4; lastKnownFileType = sourcecode.c.h; path = global.h; sourceTree = "<group>"; };
		3694FE8313C6B8B00000ABBC /* types.h */ = {isa = PBXFileReference; fileEncoding = 4; lastKnownFileType = sourcecode.c.h; path = types.h; sourceTree = "<group>"; };
/* End PBXFileReference section */

/* Begin PBXFrameworksBuildPhase section */
		3607F16F13C6B736009C8C9C /* Frameworks */ = {
			isa = PBXFrameworksBuildPhase;
			buildActionMask = 2147483647;
			files = (
				3607F17713C6B736009C8C9C /* Cocoa.framework in Frameworks */,
			);
			runOnlyForDeploymentPostprocessing = 0;
		};
/* End PBXFrameworksBuildPhase section */

/* Begin PBXGroup section */
		3607F16713C6B736009C8C9C = {
			isa = PBXGroup;
			children = (
				3694FE6813C6B75E0000ABBC /* src */,
				3607F17513C6B736009C8C9C /* Frameworks */,
				3607F17313C6B736009C8C9C /* Products */,
			);
			sourceTree = "<group>";
		};
		3607F17313C6B736009C8C9C /* Products */ = {
			isa = PBXGroup;
			children = (
				3607F17213C6B736009C8C9C /* Riot.app */,
			);
			name = Products;
			sourceTree = "<group>";
		};
		3607F17513C6B736009C8C9C /* Frameworks */ = {
			isa = PBXGroup;
			children = (
				3607F17613C6B736009C8C9C /* Cocoa.framework */,
				3607F17813C6B736009C8C9C /* Other Frameworks */,
			);
			name = Frameworks;
			sourceTree = "<group>";
		};
		3607F17813C6B736009C8C9C /* Other Frameworks */ = {
			isa = PBXGroup;
			children = (
				3607F17913C6B736009C8C9C /* AppKit.framework */,
				3607F17A13C6B736009C8C9C /* CoreData.framework */,
				3607F17B13C6B736009C8C9C /* Foundation.framework */,
			);
			name = "Other Frameworks";
			sourceTree = "<group>";
		};
		3694FE6813C6B75E0000ABBC /* src */ = {
			isa = PBXGroup;
			children = (
				3694FE8013C6B8B00000ABBC /* assert.h */,
				3694FE8113C6B8B00000ABBC /* config.h */,
				3694FE8213C6B8B00000ABBC /* global.h */,
				3694FE8313C6B8B00000ABBC /* types.h */,
				3694FE6913C6B75E0000ABBC /* detail.h */,
				3694FE6A13C6B75E0000ABBC /* Credits.rtf */,
				3694FE6C13C6B75E0000ABBC /* InfoPlist.strings */,
				3694FE6E13C6B75E0000ABBC /* MainMenu.xib */,
				3694FE7013C6B75E0000ABBC /* main.h */,
				3694FE7113C6B75E0000ABBC /* main.m */,
				3694FE7213C6B75E0000ABBC /* Riot-Info.plist */,
				3694FE7413C6B75E0000ABBC /* osx_application.h */,
				3694FE7513C6B75E0000ABBC /* osx_application.m */,
			);
			path = src;
			sourceTree = "<group>";
		};
/* End PBXGroup section */

/* Begin PBXNativeTarget section */
		3607F17113C6B736009C8C9C /* Riot */ = {
			isa = PBXNativeTarget;
			buildConfigurationList = 3607F19013C6B736009C8C9C /* Build configuration list for PBXNativeTarget "Riot" */;
			buildPhases = (
				3607F16E13C6B736009C8C9C /* Sources */,
				3607F16F13C6B736009C8C9C /* Frameworks */,
				3607F17013C6B736009C8C9C /* Resources */,
			);
			buildRules = (
			);
			dependencies = (
			);
			name = Riot;
			productName = Riot;
			productReference = 3607F17213C6B736009C8C9C /* Riot.app */;
			productType = "com.apple.product-type.application";
		};
/* End PBXNativeTarget section */

/* Begin PBXProject section */
		3607F16913C6B736009C8C9C /* Project object */ = {
			isa = PBXProject;
			buildConfigurationList = 3607F16C13C6B736009C8C9C /* Build configuration list for PBXProject "Riot" */;
			compatibilityVersion = "Xcode 3.2";
			developmentRegion = English;
			hasScannedForEncodings = 0;
			knownRegions = (
				en,
			);
			mainGroup = 3607F16713C6B736009C8C9C;
			productRefGroup = 3607F17313C6B736009C8C9C /* Products */;
			projectDirPath = "";
			projectRoot = "";
			targets = (
				3607F17113C6B736009C8C9C /* Riot */,
			);
		};
/* End PBXProject section */

/* Begin PBXResourcesBuildPhase section */
		3607F17013C6B736009C8C9C /* Resources */ = {
			isa = PBXResourcesBuildPhase;
			buildActionMask = 2147483647;
			files = (
				3694FE7613C6B75E0000ABBC /* Credits.rtf in Resources */,
				3694FE7713C6B75E0000ABBC /* InfoPlist.strings in Resources */,
				3694FE7813C6B75E0000ABBC /* MainMenu.xib in Resources */,
				3694FE7A13C6B75E0000ABBC /* Riot-Info.plist in Resources */,
			);
			runOnlyForDeploymentPostprocessing = 0;
		};
/* End PBXResourcesBuildPhase section */

/* Begin PBXSourcesBuildPhase section */
		3607F16E13C6B736009C8C9C /* Sources */ = {
			isa = PBXSourcesBuildPhase;
			buildActionMask = 2147483647;
			files = (
				3694FE7913C6B75E0000ABBC /* main.m in Sources */,
				3694FE7B13C6B75E0000ABBC /* osx_application.m in Sources */,
			);
			runOnlyForDeploymentPostprocessing = 0;
		};
/* End PBXSourcesBuildPhase section */

/* Begin PBXVariantGroup section */
		3694FE6A13C6B75E0000ABBC /* Credits.rtf */ = {
			isa = PBXVariantGroup;
			children = (
				3694FE6B13C6B75E0000ABBC /* en */,
			);
			name = Credits.rtf;
			sourceTree = "<group>";
		};
		3694FE6C13C6B75E0000ABBC /* InfoPlist.strings */ = {
			isa = PBXVariantGroup;
			children = (
				3694FE6D13C6B75E0000ABBC /* en */,
			);
			name = InfoPlist.strings;
			sourceTree = "<group>";
		};
		3694FE6E13C6B75E0000ABBC /* MainMenu.xib */ = {
			isa = PBXVariantGroup;
			children = (
				3694FE6F13C6B75E0000ABBC /* en */,
			);
			name = MainMenu.xib;
			sourceTree = "<group>";
		};
/* End PBXVariantGroup section */

/* Begin XCBuildConfiguration section */
		3607F18E13C6B736009C8C9C /* Debug */ = {
			isa = XCBuildConfiguration;
			buildSettings = {
				ALWAYS_SEARCH_USER_PATHS = NO;
				ARCHS = "$(ARCHS_STANDARD_64_BIT)";
				CONFIGURATION_TEMP_DIR = obj/Debug;
				COPY_PHASE_STRIP = NO;
				GCC_C_LANGUAGE_STANDARD = gnu99;
				GCC_DYNAMIC_NO_PIC = NO;
				GCC_ENABLE_OBJC_EXCEPTIONS = YES;
				GCC_INPUT_FILETYPE = sourcecode.cpp.objcpp;
				GCC_OPTIMIZATION_LEVEL = 0;
				GCC_PREPROCESSOR_DEFINITIONS = (
					"DEBUG=1",
					"$(inherited)",
				);
				GCC_SYMBOLS_PRIVATE_EXTERN = NO;
				GCC_VERSION = com.apple.compilers.llvm.clang.1_0;
				GCC_WARN_64_TO_32_BIT_CONVERSION = YES;
				GCC_WARN_ABOUT_MISSING_PROTOTYPES = YES;
				GCC_WARN_ABOUT_RETURN_TYPE = YES;
				GCC_WARN_UNUSED_VARIABLE = YES;
				MACOSX_DEPLOYMENT_TARGET = 10.7;
				OBJROOT = obj;
				ONLY_ACTIVE_ARCH = YES;
				SDKROOT = macosx;
				SYMROOT = bin;
			};
			name = Debug;
		};
		3607F18F13C6B736009C8C9C /* Release */ = {
			isa = XCBuildConfiguration;
			buildSettings = {
				ALWAYS_SEARCH_USER_PATHS = NO;
				ARCHS = "$(ARCHS_STANDARD_64_BIT)";
				CONFIGURATION_TEMP_DIR = obj/Release;
				COPY_PHASE_STRIP = YES;
				DEBUG_INFORMATION_FORMAT = "dwarf-with-dsym";
				GCC_C_LANGUAGE_STANDARD = gnu99;
				GCC_ENABLE_OBJC_EXCEPTIONS = YES;
				GCC_INPUT_FILETYPE = sourcecode.cpp.objcpp;
				GCC_VERSION = com.apple.compilers.llvm.clang.1_0;
				GCC_WARN_64_TO_32_BIT_CONVERSION = YES;
				GCC_WARN_ABOUT_MISSING_PROTOTYPES = YES;
				GCC_WARN_ABOUT_RETURN_TYPE = YES;
				GCC_WARN_UNUSED_VARIABLE = YES;
				MACOSX_DEPLOYMENT_TARGET = 10.7;
				OBJROOT = obj;
				SDKROOT = macosx;
				SYMROOT = bin;
			};
			name = Release;
		};
		3607F19113C6B736009C8C9C /* Debug */ = {
			isa = XCBuildConfiguration;
			buildSettings = {
				CONFIGURATION_TEMP_DIR = obj/Debug;
				GCC_PRECOMPILE_PREFIX_HEADER = NO;
				GCC_PREFIX_HEADER = "";
				INFOPLIST_FILE = "src/Riot-Info.plist";
				OBJROOT = obj;
				PRODUCT_NAME = "$(TARGET_NAME)";
				SYMROOT = bin;
				WRAPPER_EXTENSION = app;
			};
			name = Debug;
		};
		3607F19213C6B736009C8C9C /* Release */ = {
			isa = XCBuildConfiguration;
			buildSettings = {
				CONFIGURATION_TEMP_DIR = obj/Release;
				GCC_PRECOMPILE_PREFIX_HEADER = NO;
				GCC_PREFIX_HEADER = "";
				INFOPLIST_FILE = "src/Riot-Info.plist";
				OBJROOT = obj;
				PRODUCT_NAME = "$(TARGET_NAME)";
				SYMROOT = bin;
				WRAPPER_EXTENSION = app;
			};
			name = Release;
		};
/* End XCBuildConfiguration section */

/* Begin XCConfigurationList section */
		3607F16C13C6B736009C8C9C /* Build configuration list for PBXProject "Riot" */ = {
			isa = XCConfigurationList;
			buildConfigurations = (
				3607F18E13C6B736009C8C9C /* Debug */,
				3607F18F13C6B736009C8C9C /* Release */,
			);
			defaultConfigurationIsVisible = 0;
			defaultConfigurationName = Release;
		};
		3607F19013C6B736009C8C9C /* Build configuration list for PBXNativeTarget "Riot" */ = {
			isa = XCConfigurationList;
			buildConfigurations = (
				3607F19113C6B736009C8C9C /* Debug */,
				3607F19213C6B736009C8C9C /* Release */,
			);
			defaultConfigurationIsVisible = 0;
			defaultConfigurationName = Release;
		};
/* End XCConfigurationList section */
	};
	rootObject = 3607F16913C6B736009C8C9C /* Project object */;
}
