// !$*UTF8*$!
{
	archiveVersion = 1;
	classes = {
	};
	objectVersion = 46;
	objects = {

/* Begin PBXBuildFile section */
		CD02FBC214BB518B001977FC /* OpenGL.framework in Frameworks */ = {isa = PBXBuildFile; fileRef = CD02FBC114BB518B001977FC /* OpenGL.framework */; };
		CD4E95A914B5181400B63534 /* macosx_ogl.cpp in Sources */ = {isa = PBXBuildFile; fileRef = CD4E95A814B5181400B63534 /* macosx_ogl.cpp */; };
		CDED5AA614BCFAEA0056DFDB /* systems.h in Headers */ = {isa = PBXBuildFile; fileRef = CDED5AA514BCFAEA0056DFDB /* systems.h */; };
		CDF2347614B5170700B1AE88 /* assert.h in Headers */ = {isa = PBXBuildFile; fileRef = CDF2345014B5170700B1AE88 /* assert.h */; };
		CDF2347714B5170700B1AE88 /* build.h in Headers */ = {isa = PBXBuildFile; fileRef = CDF2345114B5170700B1AE88 /* build.h */; };
		CDF2347814B5170700B1AE88 /* core.h in Headers */ = {isa = PBXBuildFile; fileRef = CDF2345314B5170700B1AE88 /* core.h */; };
		CDF2347914B5170700B1AE88 /* render_engine.h in Headers */ = {isa = PBXBuildFile; fileRef = CDF2345514B5170700B1AE88 /* render_engine.h */; };
		CDF2347A14B5170700B1AE88 /* macros.h in Headers */ = {isa = PBXBuildFile; fileRef = CDF2345614B5170700B1AE88 /* macros.h */; };
		CDF2347B14B5170700B1AE88 /* atomic.h in Headers */ = {isa = PBXBuildFile; fileRef = CDF2345814B5170700B1AE88 /* atomic.h */; };
		CDF2347C14B5170700B1AE88 /* directory.h in Headers */ = {isa = PBXBuildFile; fileRef = CDF2345914B5170700B1AE88 /* directory.h */; };
		CDF2347D14B5170700B1AE88 /* file.h in Headers */ = {isa = PBXBuildFile; fileRef = CDF2345A14B5170700B1AE88 /* file.h */; };
		CDF2347E14B5170700B1AE88 /* hardware.h in Headers */ = {isa = PBXBuildFile; fileRef = CDF2345B14B5170700B1AE88 /* hardware.h */; };
		CDF2347F14B5170700B1AE88 /* memory.h in Headers */ = {isa = PBXBuildFile; fileRef = CDF2345C14B5170700B1AE88 /* memory.h */; };
		CDF2348014B5170700B1AE88 /* task_manager.h in Headers */ = {isa = PBXBuildFile; fileRef = CDF2345D14B5170700B1AE88 /* task_manager.h */; };
		CDF2348114B5170700B1AE88 /* thread.h in Headers */ = {isa = PBXBuildFile; fileRef = CDF2345E14B5170700B1AE88 /* thread.h */; };
		CDF2348214B5170700B1AE88 /* timer.h in Headers */ = {isa = PBXBuildFile; fileRef = CDF2345F14B5170700B1AE88 /* timer.h */; };
		CDF2348314B5170700B1AE88 /* utility.h in Headers */ = {isa = PBXBuildFile; fileRef = CDF2346014B5170700B1AE88 /* utility.h */; };
		CDF2348414B5170700B1AE88 /* types.h in Headers */ = {isa = PBXBuildFile; fileRef = CDF2346114B5170700B1AE88 /* types.h */; };
		CDF2348514B5170700B1AE88 /* core.cpp in Sources */ = {isa = PBXBuildFile; fileRef = CDF2346314B5170700B1AE88 /* core.cpp */; };
		CDF2348614B5170700B1AE88 /* core.cpp in Sources */ = {isa = PBXBuildFile; fileRef = CDF2346514B5170700B1AE88 /* core.cpp */; };
		CDF2348714B5170700B1AE88 /* graphics_device.h in Headers */ = {isa = PBXBuildFile; fileRef = CDF2346714B5170700B1AE88 /* graphics_device.h */; };
		CDF2348814B5170700B1AE88 /* graphics_device_null.cpp in Sources */ = {isa = PBXBuildFile; fileRef = CDF2346814B5170700B1AE88 /* graphics_device_null.cpp */; };
		CDF2348914B5170700B1AE88 /* graphics_device_ogl.cpp in Sources */ = {isa = PBXBuildFile; fileRef = CDF2346914B5170700B1AE88 /* graphics_device_ogl.cpp */; };
		CDF2348A14B5170700B1AE88 /* render_engine.cpp in Sources */ = {isa = PBXBuildFile; fileRef = CDF2346A14B5170700B1AE88 /* render_engine.cpp */; };
		CDF2348B14B5170700B1AE88 /* system_ogl.h in Headers */ = {isa = PBXBuildFile; fileRef = CDF2346B14B5170700B1AE88 /* system_ogl.h */; };
		CDF2348D14B5170700B1AE88 /* directory.cpp in Sources */ = {isa = PBXBuildFile; fileRef = CDF2346E14B5170700B1AE88 /* directory.cpp */; };
		CDF2348E14B5170700B1AE88 /* file.cpp in Sources */ = {isa = PBXBuildFile; fileRef = CDF2346F14B5170700B1AE88 /* file.cpp */; };
		CDF2348F14B5170700B1AE88 /* hardware.cpp in Sources */ = {isa = PBXBuildFile; fileRef = CDF2347014B5170700B1AE88 /* hardware.cpp */; };
		CDF2349014B5170700B1AE88 /* memory.cpp in Sources */ = {isa = PBXBuildFile; fileRef = CDF2347114B5170700B1AE88 /* memory.cpp */; };
		CDF2349114B5170700B1AE88 /* task_manager.c in Sources */ = {isa = PBXBuildFile; fileRef = CDF2347214B5170700B1AE88 /* task_manager.c */; };
		CDF2349214B5170700B1AE88 /* thread.cpp in Sources */ = {isa = PBXBuildFile; fileRef = CDF2347314B5170700B1AE88 /* thread.cpp */; };
		CDF2349314B5170700B1AE88 /* timer.cpp in Sources */ = {isa = PBXBuildFile; fileRef = CDF2347414B5170700B1AE88 /* timer.cpp */; };
		CDF2349414B5170700B1AE88 /* utility.cpp in Sources */ = {isa = PBXBuildFile; fileRef = CDF2347514B5170700B1AE88 /* utility.cpp */; };
/* End PBXBuildFile section */

/* Begin PBXFileReference section */
		27FFCD76149D220700D22F31 /* liblib.a */ = {isa = PBXFileReference; explicitFileType = archive.ar; includeInIndex = 0; path = liblib.a; sourceTree = BUILT_PRODUCTS_DIR; };
		CD02FBC114BB518B001977FC /* OpenGL.framework */ = {isa = PBXFileReference; lastKnownFileType = wrapper.framework; name = OpenGL.framework; path = System/Library/Frameworks/OpenGL.framework; sourceTree = SDKROOT; };
		CD4E95A814B5181400B63534 /* macosx_ogl.cpp */ = {isa = PBXFileReference; fileEncoding = 4; lastKnownFileType = sourcecode.cpp.cpp; path = macosx_ogl.cpp; sourceTree = "<group>"; };
		CDED5AA514BCFAEA0056DFDB /* systems.h */ = {isa = PBXFileReference; fileEncoding = 4; lastKnownFileType = sourcecode.c.h; path = systems.h; sourceTree = "<group>"; };
		CDF2345014B5170700B1AE88 /* assert.h */ = {isa = PBXFileReference; fileEncoding = 4; lastKnownFileType = sourcecode.c.h; path = assert.h; sourceTree = "<group>"; };
		CDF2345114B5170700B1AE88 /* build.h */ = {isa = PBXFileReference; fileEncoding = 4; lastKnownFileType = sourcecode.c.h; path = build.h; sourceTree = "<group>"; };
		CDF2345314B5170700B1AE88 /* core.h */ = {isa = PBXFileReference; fileEncoding = 4; lastKnownFileType = sourcecode.c.h; path = core.h; sourceTree = "<group>"; };
		CDF2345514B5170700B1AE88 /* render_engine.h */ = {isa = PBXFileReference; fileEncoding = 4; lastKnownFileType = sourcecode.c.h; path = render_engine.h; sourceTree = "<group>"; };
		CDF2345614B5170700B1AE88 /* macros.h */ = {isa = PBXFileReference; fileEncoding = 4; lastKnownFileType = sourcecode.c.h; path = macros.h; sourceTree = "<group>"; };
		CDF2345814B5170700B1AE88 /* atomic.h */ = {isa = PBXFileReference; fileEncoding = 4; lastKnownFileType = sourcecode.c.h; path = atomic.h; sourceTree = "<group>"; };
		CDF2345914B5170700B1AE88 /* directory.h */ = {isa = PBXFileReference; fileEncoding = 4; lastKnownFileType = sourcecode.c.h; path = directory.h; sourceTree = "<group>"; };
		CDF2345A14B5170700B1AE88 /* file.h */ = {isa = PBXFileReference; fileEncoding = 4; lastKnownFileType = sourcecode.c.h; path = file.h; sourceTree = "<group>"; };
		CDF2345B14B5170700B1AE88 /* hardware.h */ = {isa = PBXFileReference; fileEncoding = 4; lastKnownFileType = sourcecode.c.h; path = hardware.h; sourceTree = "<group>"; };
		CDF2345C14B5170700B1AE88 /* memory.h */ = {isa = PBXFileReference; fileEncoding = 4; lastKnownFileType = sourcecode.c.h; path = memory.h; sourceTree = "<group>"; };
		CDF2345D14B5170700B1AE88 /* task_manager.h */ = {isa = PBXFileReference; fileEncoding = 4; lastKnownFileType = sourcecode.c.h; path = task_manager.h; sourceTree = "<group>"; };
		CDF2345E14B5170700B1AE88 /* thread.h */ = {isa = PBXFileReference; fileEncoding = 4; lastKnownFileType = sourcecode.c.h; path = thread.h; sourceTree = "<group>"; };
		CDF2345F14B5170700B1AE88 /* timer.h */ = {isa = PBXFileReference; fileEncoding = 4; lastKnownFileType = sourcecode.c.h; path = timer.h; sourceTree = "<group>"; };
		CDF2346014B5170700B1AE88 /* utility.h */ = {isa = PBXFileReference; fileEncoding = 4; lastKnownFileType = sourcecode.c.h; path = utility.h; sourceTree = "<group>"; };
		CDF2346114B5170700B1AE88 /* types.h */ = {isa = PBXFileReference; fileEncoding = 4; lastKnownFileType = sourcecode.c.h; path = types.h; sourceTree = "<group>"; };
		CDF2346314B5170700B1AE88 /* core.cpp */ = {isa = PBXFileReference; fileEncoding = 4; lastKnownFileType = sourcecode.cpp.cpp; path = core.cpp; sourceTree = "<group>"; };
		CDF2346514B5170700B1AE88 /* core.cpp */ = {isa = PBXFileReference; fileEncoding = 4; lastKnownFileType = sourcecode.cpp.cpp; path = core.cpp; sourceTree = "<group>"; };
		CDF2346714B5170700B1AE88 /* graphics_device.h */ = {isa = PBXFileReference; fileEncoding = 4; lastKnownFileType = sourcecode.c.h; path = graphics_device.h; sourceTree = "<group>"; };
		CDF2346814B5170700B1AE88 /* graphics_device_null.cpp */ = {isa = PBXFileReference; fileEncoding = 4; lastKnownFileType = sourcecode.cpp.cpp; path = graphics_device_null.cpp; sourceTree = "<group>"; };
		CDF2346914B5170700B1AE88 /* graphics_device_ogl.cpp */ = {isa = PBXFileReference; fileEncoding = 4; lastKnownFileType = sourcecode.cpp.cpp; path = graphics_device_ogl.cpp; sourceTree = "<group>"; };
		CDF2346A14B5170700B1AE88 /* render_engine.cpp */ = {isa = PBXFileReference; fileEncoding = 4; lastKnownFileType = sourcecode.cpp.cpp; path = render_engine.cpp; sourceTree = "<group>"; };
		CDF2346B14B5170700B1AE88 /* system_ogl.h */ = {isa = PBXFileReference; fileEncoding = 4; lastKnownFileType = sourcecode.c.h; path = system_ogl.h; sourceTree = "<group>"; };
		CDF2346E14B5170700B1AE88 /* directory.cpp */ = {isa = PBXFileReference; fileEncoding = 4; lastKnownFileType = sourcecode.cpp.cpp; path = directory.cpp; sourceTree = "<group>"; };
		CDF2346F14B5170700B1AE88 /* file.cpp */ = {isa = PBXFileReference; fileEncoding = 4; lastKnownFileType = sourcecode.cpp.cpp; path = file.cpp; sourceTree = "<group>"; };
		CDF2347014B5170700B1AE88 /* hardware.cpp */ = {isa = PBXFileReference; fileEncoding = 4; lastKnownFileType = sourcecode.cpp.cpp; path = hardware.cpp; sourceTree = "<group>"; };
		CDF2347114B5170700B1AE88 /* memory.cpp */ = {isa = PBXFileReference; fileEncoding = 4; lastKnownFileType = sourcecode.cpp.cpp; path = memory.cpp; sourceTree = "<group>"; };
		CDF2347214B5170700B1AE88 /* task_manager.c */ = {isa = PBXFileReference; fileEncoding = 4; lastKnownFileType = sourcecode.c.c; path = task_manager.c; sourceTree = "<group>"; };
		CDF2347314B5170700B1AE88 /* thread.cpp */ = {isa = PBXFileReference; fileEncoding = 4; lastKnownFileType = sourcecode.cpp.cpp; path = thread.cpp; sourceTree = "<group>"; };
		CDF2347414B5170700B1AE88 /* timer.cpp */ = {isa = PBXFileReference; fileEncoding = 4; lastKnownFileType = sourcecode.cpp.cpp; path = timer.cpp; sourceTree = "<group>"; };
		CDF2347514B5170700B1AE88 /* utility.cpp */ = {isa = PBXFileReference; fileEncoding = 4; lastKnownFileType = sourcecode.cpp.cpp; path = utility.cpp; sourceTree = "<group>"; };
/* End PBXFileReference section */

/* Begin PBXFrameworksBuildPhase section */
		27FFCD73149D220700D22F31 /* Frameworks */ = {
			isa = PBXFrameworksBuildPhase;
			buildActionMask = 2147483647;
			files = (
				CD02FBC214BB518B001977FC /* OpenGL.framework in Frameworks */,
			);
			runOnlyForDeploymentPostprocessing = 0;
		};
/* End PBXFrameworksBuildPhase section */

/* Begin PBXGroup section */
		27FFCD6B149D220700D22F31 = {
			isa = PBXGroup;
			children = (
				CD02FBC114BB518B001977FC /* OpenGL.framework */,
				CDF2344E14B5170700B1AE88 /* lib */,
				27FFCD77149D220700D22F31 /* Products */,
			);
			sourceTree = "<group>";
		};
		27FFCD77149D220700D22F31 /* Products */ = {
			isa = PBXGroup;
			children = (
				27FFCD76149D220700D22F31 /* liblib.a */,
			);
			name = Products;
			sourceTree = "<group>";
		};
		CDF2344E14B5170700B1AE88 /* lib */ = {
			isa = PBXGroup;
			children = (
				CDF2344F14B5170700B1AE88 /* include */,
				CDF2346214B5170700B1AE88 /* src */,
			);
			name = lib;
			path = ../../lib;
			sourceTree = "<group>";
		};
		CDF2344F14B5170700B1AE88 /* include */ = {
			isa = PBXGroup;
			children = (
				CDF2345014B5170700B1AE88 /* assert.h */,
				CDF2345114B5170700B1AE88 /* build.h */,
				CDF2345614B5170700B1AE88 /* macros.h */,
				CDF2346114B5170700B1AE88 /* types.h */,
				CDF2345214B5170700B1AE88 /* engine */,
				CDF2345414B5170700B1AE88 /* graphics */,
				CDF2345714B5170700B1AE88 /* system */,
				CDED5AA514BCFAEA0056DFDB /* systems.h */,
			);
			path = include;
			sourceTree = "<group>";
		};
		CDF2345214B5170700B1AE88 /* engine */ = {
			isa = PBXGroup;
			children = (
				CDF2345314B5170700B1AE88 /* core.h */,
			);
			path = engine;
			sourceTree = "<group>";
		};
		CDF2345414B5170700B1AE88 /* graphics */ = {
			isa = PBXGroup;
			children = (
				CDF2345514B5170700B1AE88 /* render_engine.h */,
			);
			path = graphics;
			sourceTree = "<group>";
		};
		CDF2345714B5170700B1AE88 /* system */ = {
			isa = PBXGroup;
			children = (
				CDF2345814B5170700B1AE88 /* atomic.h */,
				CDF2345914B5170700B1AE88 /* directory.h */,
				CDF2345A14B5170700B1AE88 /* file.h */,
				CDF2345B14B5170700B1AE88 /* hardware.h */,
				CDF2345C14B5170700B1AE88 /* memory.h */,
				CDF2345D14B5170700B1AE88 /* task_manager.h */,
				CDF2345E14B5170700B1AE88 /* thread.h */,
				CDF2345F14B5170700B1AE88 /* timer.h */,
				CDF2346014B5170700B1AE88 /* utility.h */,
			);
			path = system;
			sourceTree = "<group>";
		};
		CDF2346214B5170700B1AE88 /* src */ = {
			isa = PBXGroup;
			children = (
				CDF2346314B5170700B1AE88 /* core.cpp */,
				CDF2346414B5170700B1AE88 /* engine */,
				CDF2346614B5170700B1AE88 /* graphics */,
				CDF2346D14B5170700B1AE88 /* system */,
			);
			path = src;
			sourceTree = "<group>";
		};
		CDF2346414B5170700B1AE88 /* engine */ = {
			isa = PBXGroup;
			children = (
				CDF2346514B5170700B1AE88 /* core.cpp */,
			);
			path = engine;
			sourceTree = "<group>";
		};
		CDF2346614B5170700B1AE88 /* graphics */ = {
			isa = PBXGroup;
			children = (
				CDF2346714B5170700B1AE88 /* graphics_device.h */,
				CDF2346814B5170700B1AE88 /* graphics_device_null.cpp */,
				CDF2346914B5170700B1AE88 /* graphics_device_ogl.cpp */,
				CDF2346A14B5170700B1AE88 /* render_engine.cpp */,
				CDF2346B14B5170700B1AE88 /* system_ogl.h */,
				CD4E95A814B5181400B63534 /* macosx_ogl.cpp */,
			);
			path = graphics;
			sourceTree = "<group>";
		};
		CDF2346D14B5170700B1AE88 /* system */ = {
			isa = PBXGroup;
			children = (
				CDF2346E14B5170700B1AE88 /* directory.cpp */,
				CDF2346F14B5170700B1AE88 /* file.cpp */,
				CDF2347014B5170700B1AE88 /* hardware.cpp */,
				CDF2347114B5170700B1AE88 /* memory.cpp */,
				CDF2347214B5170700B1AE88 /* task_manager.c */,
				CDF2347314B5170700B1AE88 /* thread.cpp */,
				CDF2347414B5170700B1AE88 /* timer.cpp */,
				CDF2347514B5170700B1AE88 /* utility.cpp */,
			);
			path = system;
			sourceTree = "<group>";
		};
/* End PBXGroup section */

/* Begin PBXHeadersBuildPhase section */
		27FFCD74149D220700D22F31 /* Headers */ = {
			isa = PBXHeadersBuildPhase;
			buildActionMask = 2147483647;
			files = (
				CDF2347614B5170700B1AE88 /* assert.h in Headers */,
				CDF2347714B5170700B1AE88 /* build.h in Headers */,
				CDF2347814B5170700B1AE88 /* core.h in Headers */,
				CDF2347914B5170700B1AE88 /* render_engine.h in Headers */,
				CDF2347A14B5170700B1AE88 /* macros.h in Headers */,
				CDF2347B14B5170700B1AE88 /* atomic.h in Headers */,
				CDF2347C14B5170700B1AE88 /* directory.h in Headers */,
				CDF2347D14B5170700B1AE88 /* file.h in Headers */,
				CDF2347E14B5170700B1AE88 /* hardware.h in Headers */,
				CDF2347F14B5170700B1AE88 /* memory.h in Headers */,
				CDF2348014B5170700B1AE88 /* task_manager.h in Headers */,
				CDF2348114B5170700B1AE88 /* thread.h in Headers */,
				CDF2348214B5170700B1AE88 /* timer.h in Headers */,
				CDF2348314B5170700B1AE88 /* utility.h in Headers */,
				CDF2348414B5170700B1AE88 /* types.h in Headers */,
				CDF2348714B5170700B1AE88 /* graphics_device.h in Headers */,
				CDF2348B14B5170700B1AE88 /* system_ogl.h in Headers */,
				CDED5AA614BCFAEA0056DFDB /* systems.h in Headers */,
			);
			runOnlyForDeploymentPostprocessing = 0;
		};
/* End PBXHeadersBuildPhase section */

/* Begin PBXNativeTarget section */
		27FFCD75149D220700D22F31 /* lib */ = {
			isa = PBXNativeTarget;
			buildConfigurationList = 27FFCD7A149D220700D22F31 /* Build configuration list for PBXNativeTarget "lib" */;
			buildPhases = (
				27FFCD72149D220700D22F31 /* Sources */,
				27FFCD73149D220700D22F31 /* Frameworks */,
				27FFCD74149D220700D22F31 /* Headers */,
			);
			buildRules = (
			);
			dependencies = (
			);
			name = lib;
			productName = lib;
			productReference = 27FFCD76149D220700D22F31 /* liblib.a */;
			productType = "com.apple.product-type.library.static";
		};
/* End PBXNativeTarget section */

/* Begin PBXProject section */
		27FFCD6D149D220700D22F31 /* Project object */ = {
			isa = PBXProject;
			attributes = {
				LastUpgradeCheck = 0420;
				ORGANIZATIONNAME = none;
			};
			buildConfigurationList = 27FFCD70149D220700D22F31 /* Build configuration list for PBXProject "lib" */;
			compatibilityVersion = "Xcode 3.2";
			developmentRegion = English;
			hasScannedForEncodings = 0;
			knownRegions = (
				en,
			);
			mainGroup = 27FFCD6B149D220700D22F31;
			productRefGroup = 27FFCD77149D220700D22F31 /* Products */;
			projectDirPath = "";
			projectRoot = "";
			targets = (
				27FFCD75149D220700D22F31 /* lib */,
			);
		};
/* End PBXProject section */

/* Begin PBXSourcesBuildPhase section */
		27FFCD72149D220700D22F31 /* Sources */ = {
			isa = PBXSourcesBuildPhase;
			buildActionMask = 2147483647;
			files = (
				CDF2348514B5170700B1AE88 /* core.cpp in Sources */,
				CDF2348614B5170700B1AE88 /* core.cpp in Sources */,
				CDF2348814B5170700B1AE88 /* graphics_device_null.cpp in Sources */,
				CDF2348914B5170700B1AE88 /* graphics_device_ogl.cpp in Sources */,
				CDF2348A14B5170700B1AE88 /* render_engine.cpp in Sources */,
				CDF2348D14B5170700B1AE88 /* directory.cpp in Sources */,
				CDF2348E14B5170700B1AE88 /* file.cpp in Sources */,
				CDF2348F14B5170700B1AE88 /* hardware.cpp in Sources */,
				CDF2349014B5170700B1AE88 /* memory.cpp in Sources */,
				CDF2349114B5170700B1AE88 /* task_manager.c in Sources */,
				CDF2349214B5170700B1AE88 /* thread.cpp in Sources */,
				CDF2349314B5170700B1AE88 /* timer.cpp in Sources */,
				CDF2349414B5170700B1AE88 /* utility.cpp in Sources */,
				CD4E95A914B5181400B63534 /* macosx_ogl.cpp in Sources */,
			);
			runOnlyForDeploymentPostprocessing = 0;
		};
/* End PBXSourcesBuildPhase section */

/* Begin XCBuildConfiguration section */
		27FFCD78149D220700D22F31 /* Debug */ = {
			isa = XCBuildConfiguration;
			buildSettings = {
				ALWAYS_SEARCH_USER_PATHS = NO;
				ARCHS = "$(ARCHS_STANDARD_64_BIT)";
				CLANG_CXX_LANGUAGE_STANDARD = "c++0x";
				CLANG_CXX_LIBRARY = "libstdc++";
				CLANG_WARN_DEPRECATED_OBJC_IMPLEMENTATIONS = YES;
				CLANG_WARN_IMPLICIT_SIGN_CONVERSION = YES;
				CLANG_WARN_SUSPICIOUS_IMPLICIT_CONVERSION = YES;
				CONFIGURATION_BUILD_DIR = ../../build/bin;
				CONFIGURATION_TEMP_DIR = ../../build/obj/lib;
				COPY_PHASE_STRIP = NO;
				GCC_C_LANGUAGE_STANDARD = ansi;
				GCC_DYNAMIC_NO_PIC = NO;
				GCC_ENABLE_CPP_EXCEPTIONS = NO;
				GCC_ENABLE_CPP_RTTI = NO;
				GCC_ENABLE_OBJC_EXCEPTIONS = YES;
				GCC_ENABLE_SSE3_EXTENSIONS = YES;
				GCC_ENABLE_SSE41_EXTENSIONS = YES;
				GCC_ENABLE_SSE42_EXTENSIONS = YES;
				GCC_ENABLE_SUPPLEMENTAL_SSE3_INSTRUCTIONS = YES;
				GCC_OPTIMIZATION_LEVEL = 0;
				GCC_PREPROCESSOR_DEFINITIONS = (
					"DEBUG=1",
					"$(inherited)",
				);
				GCC_SYMBOLS_PRIVATE_EXTERN = NO;
				GCC_VERSION = com.apple.compilers.llvm.clang.1_0;
				GCC_WARN_64_TO_32_BIT_CONVERSION = YES;
				GCC_WARN_ABOUT_MISSING_NEWLINE = YES;
				GCC_WARN_ABOUT_MISSING_PROTOTYPES = YES;
				GCC_WARN_ABOUT_RETURN_TYPE = YES;
				GCC_WARN_HIDDEN_VIRTUAL_FUNCTIONS = YES;
				GCC_WARN_INITIALIZER_NOT_FULLY_BRACKETED = YES;
				GCC_WARN_NON_VIRTUAL_DESTRUCTOR = YES;
				GCC_WARN_PEDANTIC = YES;
				GCC_WARN_SHADOW = YES;
				GCC_WARN_SIGN_COMPARE = YES;
				GCC_WARN_UNINITIALIZED_AUTOS = YES;
				GCC_WARN_UNKNOWN_PRAGMAS = YES;
				GCC_WARN_UNUSED_VARIABLE = YES;
				HEADER_SEARCH_PATHS = ../../lib/include;
				MACOSX_DEPLOYMENT_TARGET = 10.7;
				OBJROOT = ../../build/obj/lib;
				ONLY_ACTIVE_ARCH = YES;
				SDKROOT = macosx;
				SYMROOT = ../../build/bin;
			};
			name = Debug;
		};
		27FFCD79149D220700D22F31 /* Release */ = {
			isa = XCBuildConfiguration;
			buildSettings = {
				ALWAYS_SEARCH_USER_PATHS = NO;
				ARCHS = "$(ARCHS_STANDARD_64_BIT)";
				CLANG_CXX_LANGUAGE_STANDARD = "c++0x";
				CLANG_CXX_LIBRARY = "libstdc++";
				CLANG_WARN_DEPRECATED_OBJC_IMPLEMENTATIONS = YES;
				CLANG_WARN_IMPLICIT_SIGN_CONVERSION = YES;
				CLANG_WARN_SUSPICIOUS_IMPLICIT_CONVERSION = YES;
				CONFIGURATION_BUILD_DIR = ../../build/bin;
				CONFIGURATION_TEMP_DIR = ../../build/obj/lib;
				COPY_PHASE_STRIP = YES;
				DEBUG_INFORMATION_FORMAT = "dwarf-with-dsym";
				GCC_C_LANGUAGE_STANDARD = ansi;
				GCC_ENABLE_CPP_EXCEPTIONS = NO;
				GCC_ENABLE_CPP_RTTI = NO;
				GCC_ENABLE_OBJC_EXCEPTIONS = YES;
				GCC_ENABLE_SSE3_EXTENSIONS = YES;
				GCC_ENABLE_SSE41_EXTENSIONS = YES;
				GCC_ENABLE_SSE42_EXTENSIONS = YES;
				GCC_ENABLE_SUPPLEMENTAL_SSE3_INSTRUCTIONS = YES;
				GCC_VERSION = com.apple.compilers.llvm.clang.1_0;
				GCC_WARN_64_TO_32_BIT_CONVERSION = YES;
				GCC_WARN_ABOUT_MISSING_NEWLINE = YES;
				GCC_WARN_ABOUT_MISSING_PROTOTYPES = YES;
				GCC_WARN_ABOUT_RETURN_TYPE = YES;
				GCC_WARN_HIDDEN_VIRTUAL_FUNCTIONS = YES;
				GCC_WARN_INITIALIZER_NOT_FULLY_BRACKETED = YES;
				GCC_WARN_NON_VIRTUAL_DESTRUCTOR = YES;
				GCC_WARN_PEDANTIC = YES;
				GCC_WARN_SHADOW = YES;
				GCC_WARN_SIGN_COMPARE = YES;
				GCC_WARN_UNINITIALIZED_AUTOS = YES;
				GCC_WARN_UNKNOWN_PRAGMAS = YES;
				GCC_WARN_UNUSED_VARIABLE = YES;
				HEADER_SEARCH_PATHS = ../../lib/include;
				MACOSX_DEPLOYMENT_TARGET = 10.7;
				OBJROOT = ../../build/obj/lib;
				SDKROOT = macosx;
				SYMROOT = ../../build/bin;
			};
			name = Release;
		};
		27FFCD7B149D220700D22F31 /* Debug */ = {
			isa = XCBuildConfiguration;
			buildSettings = {
				EXECUTABLE_PREFIX = lib;
				HEADER_SEARCH_PATHS = ../../lib/include;
				PRODUCT_NAME = "$(TARGET_NAME)";
			};
			name = Debug;
		};
		27FFCD7C149D220700D22F31 /* Release */ = {
			isa = XCBuildConfiguration;
			buildSettings = {
				EXECUTABLE_PREFIX = lib;
				HEADER_SEARCH_PATHS = ../../lib/include;
				PRODUCT_NAME = "$(TARGET_NAME)";
			};
			name = Release;
		};
/* End XCBuildConfiguration section */

/* Begin XCConfigurationList section */
		27FFCD70149D220700D22F31 /* Build configuration list for PBXProject "lib" */ = {
			isa = XCConfigurationList;
			buildConfigurations = (
				27FFCD78149D220700D22F31 /* Debug */,
				27FFCD79149D220700D22F31 /* Release */,
			);
			defaultConfigurationIsVisible = 0;
			defaultConfigurationName = Release;
		};
		27FFCD7A149D220700D22F31 /* Build configuration list for PBXNativeTarget "lib" */ = {
			isa = XCConfigurationList;
			buildConfigurations = (
				27FFCD7B149D220700D22F31 /* Debug */,
				27FFCD7C149D220700D22F31 /* Release */,
			);
			defaultConfigurationIsVisible = 0;
			defaultConfigurationName = Release;
		};
/* End XCConfigurationList section */
	};
	rootObject = 27FFCD6D149D220700D22F31 /* Project object */;
}
