// !$*UTF8*$!
{
	archiveVersion = 1;
	classes = {
	};
	objectVersion = 46;
	objects = {

/* Begin PBXFileReference section */
		27FFCD76149D220700D22F31 /* liblib.a */ = {isa = PBXFileReference; explicitFileType = archive.ar; includeInIndex = 0; path = liblib.a; sourceTree = BUILT_PRODUCTS_DIR; };
/* End PBXFileReference section */

/* Begin PBXFrameworksBuildPhase section */
		27FFCD73149D220700D22F31 /* Frameworks */ = {
			isa = PBXFrameworksBuildPhase;
			buildActionMask = 2147483647;
			files = (
			);
			runOnlyForDeploymentPostprocessing = 0;
		};
/* End PBXFrameworksBuildPhase section */

/* Begin PBXGroup section */
		27FFCD6B149D220700D22F31 = {
			isa = PBXGroup;
			children = (
				27FFCD77149D220700D22F31 /* Products */,
			);
			sourceTree = "<group>";
		};
		27FFCD77149D220700D22F31 /* Products */ = {
			isa = PBXGroup;
			children = (
				27FFCD76149D220700D22F31 /* liblib.a */,
			);
			name = Products;
			sourceTree = "<group>";
		};
/* End PBXGroup section */

/* Begin PBXHeadersBuildPhase section */
		27FFCD74149D220700D22F31 /* Headers */ = {
			isa = PBXHeadersBuildPhase;
			buildActionMask = 2147483647;
			files = (
			);
			runOnlyForDeploymentPostprocessing = 0;
		};
/* End PBXHeadersBuildPhase section */

/* Begin PBXNativeTarget section */
		27FFCD75149D220700D22F31 /* lib */ = {
			isa = PBXNativeTarget;
			buildConfigurationList = 27FFCD7A149D220700D22F31 /* Build configuration list for PBXNativeTarget "lib" */;
			buildPhases = (
				27FFCD72149D220700D22F31 /* Sources */,
				27FFCD73149D220700D22F31 /* Frameworks */,
				27FFCD74149D220700D22F31 /* Headers */,
			);
			buildRules = (
			);
			dependencies = (
			);
			name = lib;
			productName = lib;
			productReference = 27FFCD76149D220700D22F31 /* liblib.a */;
			productType = "com.apple.product-type.library.static";
		};
/* End PBXNativeTarget section */

/* Begin PBXProject section */
		27FFCD6D149D220700D22F31 /* Project object */ = {
			isa = PBXProject;
			attributes = {
				LastUpgradeCheck = 0420;
				ORGANIZATIONNAME = none;
			};
			buildConfigurationList = 27FFCD70149D220700D22F31 /* Build configuration list for PBXProject "lib" */;
			compatibilityVersion = "Xcode 3.2";
			developmentRegion = English;
			hasScannedForEncodings = 0;
			knownRegions = (
				en,
			);
			mainGroup = 27FFCD6B149D220700D22F31;
			productRefGroup = 27FFCD77149D220700D22F31 /* Products */;
			projectDirPath = "";
			projectRoot = "";
			targets = (
				27FFCD75149D220700D22F31 /* lib */,
			);
		};
/* End PBXProject section */

/* Begin PBXSourcesBuildPhase section */
		27FFCD72149D220700D22F31 /* Sources */ = {
			isa = PBXSourcesBuildPhase;
			buildActionMask = 2147483647;
			files = (
			);
			runOnlyForDeploymentPostprocessing = 0;
		};
/* End PBXSourcesBuildPhase section */

/* Begin XCBuildConfiguration section */
		27FFCD78149D220700D22F31 /* Debug */ = {
			isa = XCBuildConfiguration;
			buildSettings = {
				ALWAYS_SEARCH_USER_PATHS = NO;
				ARCHS = "$(ARCHS_STANDARD_64_BIT)";
				COPY_PHASE_STRIP = NO;
				GCC_C_LANGUAGE_STANDARD = gnu99;
				GCC_DYNAMIC_NO_PIC = NO;
				GCC_ENABLE_OBJC_EXCEPTIONS = YES;
				GCC_OPTIMIZATION_LEVEL = 0;
				GCC_PREPROCESSOR_DEFINITIONS = (
					"DEBUG=1",
					"$(inherited)",
				);
				GCC_SYMBOLS_PRIVATE_EXTERN = NO;
				GCC_VERSION = com.apple.compilers.llvm.clang.1_0;
				GCC_WARN_64_TO_32_BIT_CONVERSION = YES;
				GCC_WARN_ABOUT_MISSING_PROTOTYPES = YES;
				GCC_WARN_ABOUT_RETURN_TYPE = YES;
				GCC_WARN_UNUSED_VARIABLE = YES;
				MACOSX_DEPLOYMENT_TARGET = 10.7;
				ONLY_ACTIVE_ARCH = YES;
				SDKROOT = macosx;
			};
			name = Debug;
		};
		27FFCD79149D220700D22F31 /* Release */ = {
			isa = XCBuildConfiguration;
			buildSettings = {
				ALWAYS_SEARCH_USER_PATHS = NO;
				ARCHS = "$(ARCHS_STANDARD_64_BIT)";
				COPY_PHASE_STRIP = YES;
				DEBUG_INFORMATION_FORMAT = "dwarf-with-dsym";
				GCC_C_LANGUAGE_STANDARD = gnu99;
				GCC_ENABLE_OBJC_EXCEPTIONS = YES;
				GCC_VERSION = com.apple.compilers.llvm.clang.1_0;
				GCC_WARN_64_TO_32_BIT_CONVERSION = YES;
				GCC_WARN_ABOUT_MISSING_PROTOTYPES = YES;
				GCC_WARN_ABOUT_RETURN_TYPE = YES;
				GCC_WARN_UNUSED_VARIABLE = YES;
				MACOSX_DEPLOYMENT_TARGET = 10.7;
				SDKROOT = macosx;
			};
			name = Release;
		};
		27FFCD7B149D220700D22F31 /* Debug */ = {
			isa = XCBuildConfiguration;
			buildSettings = {
				EXECUTABLE_PREFIX = lib;
				PRODUCT_NAME = "$(TARGET_NAME)";
			};
			name = Debug;
		};
		27FFCD7C149D220700D22F31 /* Release */ = {
			isa = XCBuildConfiguration;
			buildSettings = {
				EXECUTABLE_PREFIX = lib;
				PRODUCT_NAME = "$(TARGET_NAME)";
			};
			name = Release;
		};
/* End XCBuildConfiguration section */

/* Begin XCConfigurationList section */
		27FFCD70149D220700D22F31 /* Build configuration list for PBXProject "lib" */ = {
			isa = XCConfigurationList;
			buildConfigurations = (
				27FFCD78149D220700D22F31 /* Debug */,
				27FFCD79149D220700D22F31 /* Release */,
			);
			defaultConfigurationIsVisible = 0;
			defaultConfigurationName = Release;
		};
		27FFCD7A149D220700D22F31 /* Build configuration list for PBXNativeTarget "lib" */ = {
			isa = XCConfigurationList;
			buildConfigurations = (
				27FFCD7B149D220700D22F31 /* Debug */,
				27FFCD7C149D220700D22F31 /* Release */,
			);
			defaultConfigurationIsVisible = 0;
		};
/* End XCConfigurationList section */
	};
	rootObject = 27FFCD6D149D220700D22F31 /* Project object */;
}
