<?xml version="1.0" encoding="utf-8"?>
<Project ToolsVersion="4.0" xmlns="http://schemas.microsoft.com/developer/msbuild/2003">
  <ItemGroup>
    <Filter Include="include">
      <UniqueIdentifier>{d8e18172-0d4e-46ba-86a5-11c7bc17366b}</UniqueIdentifier>
    </Filter>
    <Filter Include="src">
      <UniqueIdentifier>{b7a9b05a-56bc-44f6-931e-5bcda955d470}</UniqueIdentifier>
    </Filter>
    <Filter Include="src\system">
      <UniqueIdentifier>{d2feccc8-e2b9-4ba7-afc8-c31b834700a1}</UniqueIdentifier>
    </Filter>
    <Filter Include="include\system">
      <UniqueIdentifier>{9111bbf8-c16d-4702-beab-995132192d36}</UniqueIdentifier>
    </Filter>
    <Filter Include="include\engine">
      <UniqueIdentifier>{bbf86049-5751-46a4-9a74-5aabfe5980ac}</UniqueIdentifier>
    </Filter>
    <Filter Include="src\engine">
      <UniqueIdentifier>{2744e9f8-722c-4f4a-bb14-73faeb2e36ce}</UniqueIdentifier>
    </Filter>
    <Filter Include="include\graphics">
      <UniqueIdentifier>{f646673d-4fc5-4186-a869-9795b31432b2}</UniqueIdentifier>
    </Filter>
    <Filter Include="src\graphics">
      <UniqueIdentifier>{5ca77d31-087e-4c45-85ff-8af9453e29a6}</UniqueIdentifier>
    </Filter>
  </ItemGroup>
  <ItemGroup>
    <ClCompile Include="..\..\lib\src\core.cpp">
      <Filter>src</Filter>
    </ClCompile>
    <ClCompile Include="..\..\lib\src\system\directory.cpp">
      <Filter>src\system</Filter>
    </ClCompile>
    <ClCompile Include="..\..\lib\src\system\file.cpp">
      <Filter>src\system</Filter>
    </ClCompile>
    <ClCompile Include="..\..\lib\src\system\hardware.cpp">
      <Filter>src\system</Filter>
    </ClCompile>
    <ClCompile Include="..\..\lib\src\system\thread.cpp">
      <Filter>src\system</Filter>
    </ClCompile>
    <ClCompile Include="..\..\lib\src\system\timer.cpp">
      <Filter>src\system</Filter>
    </ClCompile>
    <ClCompile Include="..\..\lib\src\system\utility.cpp">
      <Filter>src\system</Filter>
    </ClCompile>
    <ClCompile Include="..\..\lib\src\engine\core.cpp">
      <Filter>src\engine</Filter>
    </ClCompile>
    <ClCompile Include="..\..\lib\src\system\memory.cpp">
      <Filter>src\system</Filter>
    </ClCompile>
    <ClCompile Include="..\..\lib\src\system\task_manager.c">
      <Filter>src\system</Filter>
    </ClCompile>
    <ClCompile Include="..\..\lib\src\graphics\graphics_device_null.cpp">
      <Filter>src\graphics</Filter>
    </ClCompile>
    <ClCompile Include="..\..\lib\src\graphics\graphics_device_ogl.cpp">
      <Filter>src\graphics</Filter>
    </ClCompile>
    <ClCompile Include="..\..\lib\src\graphics\render_engine.cpp">
      <Filter>src\graphics</Filter>
    </ClCompile>
    <ClCompile Include="..\..\lib\src\graphics\windows_ogl.cpp">
      <Filter>src\graphics</Filter>
    </ClCompile>
  </ItemGroup>
  <ItemGroup>
    <ClInclude Include="..\..\lib\include\build.h">
      <Filter>include</Filter>
    </ClInclude>
    <ClInclude Include="..\..\lib\include\assert.h">
      <Filter>include</Filter>
    </ClInclude>
    <ClInclude Include="..\..\lib\include\system\atomic.h">
      <Filter>include\system</Filter>
    </ClInclude>
    <ClInclude Include="..\..\lib\include\system\directory.h">
      <Filter>include\system</Filter>
    </ClInclude>
    <ClInclude Include="..\..\lib\include\system\file.h">
      <Filter>include\system</Filter>
    </ClInclude>
    <ClInclude Include="..\..\lib\include\system\hardware.h">
      <Filter>include\system</Filter>
    </ClInclude>
    <ClInclude Include="..\..\lib\include\system\thread.h">
      <Filter>include\system</Filter>
    </ClInclude>
    <ClInclude Include="..\..\lib\include\system\timer.h">
      <Filter>include\system</Filter>
    </ClInclude>
    <ClInclude Include="..\..\lib\include\types.h">
      <Filter>include</Filter>
    </ClInclude>
    <ClInclude Include="..\..\lib\include\system\utility.h">
      <Filter>include\system</Filter>
    </ClInclude>
    <ClInclude Include="..\..\lib\include\engine\core.h">
      <Filter>include\engine</Filter>
    </ClInclude>
    <ClInclude Include="..\..\lib\include\system\memory.h">
      <Filter>include\system</Filter>
    </ClInclude>
    <ClInclude Include="..\..\lib\include\system\task_manager.h">
      <Filter>include\system</Filter>
    </ClInclude>
    <ClInclude Include="..\..\lib\include\graphics\render_engine.h">
      <Filter>include\graphics</Filter>
    </ClInclude>
    <ClInclude Include="..\..\lib\src\graphics\graphics_device.h">
      <Filter>src\graphics</Filter>
    </ClInclude>
    <ClInclude Include="..\..\lib\src\graphics\windows_ogl.h">
      <Filter>src\graphics</Filter>
    </ClInclude>
  </ItemGroup>
</Project>