<?xml version="1.0" encoding="utf-8"?>
<Project ToolsVersion="4.0" xmlns="http://schemas.microsoft.com/developer/msbuild/2003">
  <ItemGroup>
    <ClCompile Include="..\..\test\main.cpp" />
    <ClCompile Include="..\..\test\system\atomic.cpp">
      <Filter>system</Filter>
    </ClCompile>
    <ClCompile Include="..\..\test\system\file.cpp">
      <Filter>system</Filter>
    </ClCompile>
    <ClCompile Include="..\..\test\system\hardware.cpp">
      <Filter>system</Filter>
    </ClCompile>
    <ClCompile Include="..\..\test\system\thread.cpp">
      <Filter>system</Filter>
    </ClCompile>
    <ClCompile Include="..\..\test\system\timer.cpp">
      <Filter>system</Filter>
    </ClCompile>
    <ClCompile Include="..\..\test\system\types.cpp">
      <Filter>system</Filter>
    </ClCompile>
    <ClCompile Include="..\..\test\system\memory.cpp">
      <Filter>system</Filter>
    </ClCompile>
    <ClCompile Include="..\..\test\engine\core.cpp">
      <Filter>engine</Filter>
    </ClCompile>
    <ClCompile Include="..\..\test\graphics\graphics.cpp">
      <Filter>graphics</Filter>
    </ClCompile>
  </ItemGroup>
  <ItemGroup>
    <Filter Include="system">
      <UniqueIdentifier>{27aabfe6-8e52-470c-a39d-9e85f843fb54}</UniqueIdentifier>
    </Filter>
    <Filter Include="engine">
      <UniqueIdentifier>{80fccb82-3a87-4ab2-9aba-629f43166e33}</UniqueIdentifier>
    </Filter>
    <Filter Include="graphics">
      <UniqueIdentifier>{d99479de-31b3-4b10-820d-7c27c8dc29a8}</UniqueIdentifier>
    </Filter>
  </ItemGroup>
</Project>