// !$*UTF8*$!
{
	archiveVersion = 1;
	classes = {
	};
	objectVersion = 46;
	objects = {

/* Begin PBXBuildFile section */
		CD40731314C47B8E00D2E3BD /* Cocoa.framework in Frameworks */ = {isa = PBXBuildFile; fileRef = CD40731214C47B8E00D2E3BD /* Cocoa.framework */; };
		CD40736414C47C3200D2E3BD /* application_macosx.mm in Sources */ = {isa = PBXBuildFile; fileRef = CD40735A14C47C3200D2E3BD /* application_macosx.mm */; };
		CD40736714C47C3200D2E3BD /* main.cpp in Sources */ = {isa = PBXBuildFile; fileRef = CD40735D14C47C3200D2E3BD /* main.cpp */; };
		CD40736814C47C3200D2E3BD /* MainMenu.xib in Resources */ = {isa = PBXBuildFile; fileRef = CD40735E14C47C3200D2E3BD /* MainMenu.xib */; };
		CD40736D14C47D1B00D2E3BD /* liblib.a in Frameworks */ = {isa = PBXBuildFile; fileRef = CD40736B14C47D1B00D2E3BD /* liblib.a */; };
		CD40736E14C47D1B00D2E3BD /* libsystem.a in Frameworks */ = {isa = PBXBuildFile; fileRef = CD40736C14C47D1B00D2E3BD /* libsystem.a */; };
/* End PBXBuildFile section */

/* Begin PBXFileReference section */
		CD40730E14C47B8E00D2E3BD /* game.app */ = {isa = PBXFileReference; explicitFileType = wrapper.application; includeInIndex = 0; path = game.app; sourceTree = BUILT_PRODUCTS_DIR; };
		CD40731214C47B8E00D2E3BD /* Cocoa.framework */ = {isa = PBXFileReference; lastKnownFileType = wrapper.framework; name = Cocoa.framework; path = System/Library/Frameworks/Cocoa.framework; sourceTree = SDKROOT; };
		CD40731514C47B8E00D2E3BD /* AppKit.framework */ = {isa = PBXFileReference; lastKnownFileType = wrapper.framework; name = AppKit.framework; path = System/Library/Frameworks/AppKit.framework; sourceTree = SDKROOT; };
		CD40731614C47B8E00D2E3BD /* CoreData.framework */ = {isa = PBXFileReference; lastKnownFileType = wrapper.framework; name = CoreData.framework; path = System/Library/Frameworks/CoreData.framework; sourceTree = SDKROOT; };
		CD40731714C47B8E00D2E3BD /* Foundation.framework */ = {isa = PBXFileReference; lastKnownFileType = wrapper.framework; name = Foundation.framework; path = System/Library/Frameworks/Foundation.framework; sourceTree = SDKROOT; };
		CD40735914C47C3200D2E3BD /* application.h */ = {isa = PBXFileReference; fileEncoding = 4; lastKnownFileType = sourcecode.c.h; path = application.h; sourceTree = "<group>"; };
		CD40735A14C47C3200D2E3BD /* application_macosx.mm */ = {isa = PBXFileReference; fileEncoding = 4; lastKnownFileType = sourcecode.cpp.objcpp; path = application_macosx.mm; sourceTree = "<group>"; };
		CD40735C14C47C3200D2E3BD /* Info.plist */ = {isa = PBXFileReference; fileEncoding = 4; lastKnownFileType = text.plist.xml; path = Info.plist; sourceTree = "<group>"; };
		CD40735D14C47C3200D2E3BD /* main.cpp */ = {isa = PBXFileReference; fileEncoding = 4; lastKnownFileType = sourcecode.cpp.cpp; path = main.cpp; sourceTree = "<group>"; };
		CD40735E14C47C3200D2E3BD /* MainMenu.xib */ = {isa = PBXFileReference; fileEncoding = 4; lastKnownFileType = file.xib; path = MainMenu.xib; sourceTree = "<group>"; };
		CD40736B14C47D1B00D2E3BD /* liblib.a */ = {isa = PBXFileReference; lastKnownFileType = archive.ar; name = liblib.a; path = ../../build/bin/liblib.a; sourceTree = "<group>"; };
		CD40736C14C47D1B00D2E3BD /* libsystem.a */ = {isa = PBXFileReference; lastKnownFileType = archive.ar; name = libsystem.a; path = ../../build/bin/systems/libsystem.a; sourceTree = "<group>"; };
/* End PBXFileReference section */

/* Begin PBXFrameworksBuildPhase section */
		CD40730B14C47B8E00D2E3BD /* Frameworks */ = {
			isa = PBXFrameworksBuildPhase;
			buildActionMask = 2147483647;
			files = (
				CD40736D14C47D1B00D2E3BD /* liblib.a in Frameworks */,
				CD40736E14C47D1B00D2E3BD /* libsystem.a in Frameworks */,
				CD40731314C47B8E00D2E3BD /* Cocoa.framework in Frameworks */,
			);
			runOnlyForDeploymentPostprocessing = 0;
		};
/* End PBXFrameworksBuildPhase section */

/* Begin PBXGroup section */
		CD40730314C47B8E00D2E3BD = {
			isa = PBXGroup;
			children = (
				CD40736B14C47D1B00D2E3BD /* liblib.a */,
				CD40736C14C47D1B00D2E3BD /* libsystem.a */,
				CD40735814C47C3200D2E3BD /* game */,
				CD40731114C47B8E00D2E3BD /* Frameworks */,
				CD40730F14C47B8E00D2E3BD /* Products */,
			);
			sourceTree = "<group>";
		};
		CD40730F14C47B8E00D2E3BD /* Products */ = {
			isa = PBXGroup;
			children = (
				CD40730E14C47B8E00D2E3BD /* game.app */,
			);
			name = Products;
			sourceTree = "<group>";
		};
		CD40731114C47B8E00D2E3BD /* Frameworks */ = {
			isa = PBXGroup;
			children = (
				CD40731214C47B8E00D2E3BD /* Cocoa.framework */,
				CD40731414C47B8E00D2E3BD /* Other Frameworks */,
			);
			name = Frameworks;
			sourceTree = "<group>";
		};
		CD40731414C47B8E00D2E3BD /* Other Frameworks */ = {
			isa = PBXGroup;
			children = (
				CD40731514C47B8E00D2E3BD /* AppKit.framework */,
				CD40731614C47B8E00D2E3BD /* CoreData.framework */,
				CD40731714C47B8E00D2E3BD /* Foundation.framework */,
			);
			name = "Other Frameworks";
			sourceTree = "<group>";
		};
		CD40735814C47C3200D2E3BD /* game */ = {
			isa = PBXGroup;
			children = (
				CD40735914C47C3200D2E3BD /* application.h */,
				CD40735A14C47C3200D2E3BD /* application_macosx.mm */,
				CD40735C14C47C3200D2E3BD /* Info.plist */,
				CD40735D14C47C3200D2E3BD /* main.cpp */,
				CD40735E14C47C3200D2E3BD /* MainMenu.xib */,
			);
			name = game;
			path = ../../game;
			sourceTree = "<group>";
		};
/* End PBXGroup section */

/* Begin PBXNativeTarget section */
		CD40730D14C47B8E00D2E3BD /* game */ = {
			isa = PBXNativeTarget;
			buildConfigurationList = CD40732C14C47B8E00D2E3BD /* Build configuration list for PBXNativeTarget "game" */;
			buildPhases = (
				CD40730A14C47B8E00D2E3BD /* Sources */,
				CD40730B14C47B8E00D2E3BD /* Frameworks */,
				CD40730C14C47B8E00D2E3BD /* Resources */,
			);
			buildRules = (
			);
			dependencies = (
			);
			name = game;
			productName = game;
			productReference = CD40730E14C47B8E00D2E3BD /* game.app */;
			productType = "com.apple.product-type.application";
		};
/* End PBXNativeTarget section */

/* Begin PBXProject section */
		CD40730514C47B8E00D2E3BD /* Project object */ = {
			isa = PBXProject;
			attributes = {
				LastUpgradeCheck = 0420;
			};
			buildConfigurationList = CD40730814C47B8E00D2E3BD /* Build configuration list for PBXProject "game" */;
			compatibilityVersion = "Xcode 3.2";
			developmentRegion = English;
			hasScannedForEncodings = 0;
			knownRegions = (
				en,
			);
			mainGroup = CD40730314C47B8E00D2E3BD;
			productRefGroup = CD40730F14C47B8E00D2E3BD /* Products */;
			projectDirPath = "";
			projectRoot = "";
			targets = (
				CD40730D14C47B8E00D2E3BD /* game */,
			);
		};
/* End PBXProject section */

/* Begin PBXResourcesBuildPhase section */
		CD40730C14C47B8E00D2E3BD /* Resources */ = {
			isa = PBXResourcesBuildPhase;
			buildActionMask = 2147483647;
			files = (
				CD40736814C47C3200D2E3BD /* MainMenu.xib in Resources */,
			);
			runOnlyForDeploymentPostprocessing = 0;
		};
/* End PBXResourcesBuildPhase section */

/* Begin PBXSourcesBuildPhase section */
		CD40730A14C47B8E00D2E3BD /* Sources */ = {
			isa = PBXSourcesBuildPhase;
			buildActionMask = 2147483647;
			files = (
				CD40736414C47C3200D2E3BD /* application_macosx.mm in Sources */,
				CD40736714C47C3200D2E3BD /* main.cpp in Sources */,
			);
			runOnlyForDeploymentPostprocessing = 0;
		};
/* End PBXSourcesBuildPhase section */

/* Begin XCBuildConfiguration section */
		CD40732A14C47B8E00D2E3BD /* Debug */ = {
			isa = XCBuildConfiguration;
			buildSettings = {
				ALWAYS_SEARCH_USER_PATHS = NO;
				ARCHS = "$(ARCHS_STANDARD_64_BIT)";
				CLANG_CXX_LANGUAGE_STANDARD = "c++0x";
				CLANG_CXX_LIBRARY = "libc++";
				CONFIGURATION_BUILD_DIR = ../../build/bin;
				CONFIGURATION_TEMP_DIR = ../../build/obj/game;
				COPY_PHASE_STRIP = NO;
				GCC_C_LANGUAGE_STANDARD = "compiler-default";
				GCC_DYNAMIC_NO_PIC = NO;
				GCC_ENABLE_CPP_EXCEPTIONS = NO;
				GCC_ENABLE_CPP_RTTI = NO;
				GCC_ENABLE_OBJC_EXCEPTIONS = YES;
				GCC_OPTIMIZATION_LEVEL = 0;
				GCC_PREPROCESSOR_DEFINITIONS = (
					"DEBUG=1",
					"$(inherited)",
				);
				GCC_SYMBOLS_PRIVATE_EXTERN = NO;
				GCC_VERSION = com.apple.compilers.llvm.clang.1_0;
				GCC_WARN_64_TO_32_BIT_CONVERSION = YES;
				GCC_WARN_ABOUT_MISSING_PROTOTYPES = YES;
				GCC_WARN_ABOUT_RETURN_TYPE = YES;
				GCC_WARN_UNUSED_VARIABLE = YES;
				HEADER_SEARCH_PATHS = (
					../../systems,
					../../lib/include,
				);
				MACOSX_DEPLOYMENT_TARGET = 10.7;
				OBJROOT = ../../build/obj/game;
				ONLY_ACTIVE_ARCH = YES;
				SDKROOT = macosx;
				SHARED_PRECOMPS_DIR = ../../build/obj/game;
				SYMROOT = ../../build/bin;
			};
			name = Debug;
		};
		CD40732B14C47B8E00D2E3BD /* Release */ = {
			isa = XCBuildConfiguration;
			buildSettings = {
				ALWAYS_SEARCH_USER_PATHS = NO;
				ARCHS = "$(ARCHS_STANDARD_64_BIT)";
				CLANG_CXX_LANGUAGE_STANDARD = "c++0x";
				CLANG_CXX_LIBRARY = "libc++";
				CONFIGURATION_BUILD_DIR = ../../build/bin;
				CONFIGURATION_TEMP_DIR = ../../build/obj/game;
				COPY_PHASE_STRIP = YES;
				DEBUG_INFORMATION_FORMAT = "dwarf-with-dsym";
				GCC_C_LANGUAGE_STANDARD = "compiler-default";
				GCC_ENABLE_CPP_EXCEPTIONS = NO;
				GCC_ENABLE_CPP_RTTI = NO;
				GCC_ENABLE_OBJC_EXCEPTIONS = YES;
				GCC_VERSION = com.apple.compilers.llvm.clang.1_0;
				GCC_WARN_64_TO_32_BIT_CONVERSION = YES;
				GCC_WARN_ABOUT_MISSING_PROTOTYPES = YES;
				GCC_WARN_ABOUT_RETURN_TYPE = YES;
				GCC_WARN_UNUSED_VARIABLE = YES;
				HEADER_SEARCH_PATHS = (
					../../systems,
					../../lib/include,
				);
				MACOSX_DEPLOYMENT_TARGET = 10.7;
				OBJROOT = ../../build/obj/game;
				SDKROOT = macosx;
				SHARED_PRECOMPS_DIR = ../../build/obj/game;
				SYMROOT = ../../build/bin;
			};
			name = Release;
		};
		CD40732D14C47B8E00D2E3BD /* Debug */ = {
			isa = XCBuildConfiguration;
			buildSettings = {
				GCC_PRECOMPILE_PREFIX_HEADER = NO;
				GCC_PREFIX_HEADER = "";
				INFOPLIST_FILE = ../../game/Info.plist;
				LIBRARY_SEARCH_PATHS = (
					"$(inherited)",
					"\"$(SRCROOT)/../../build/bin\"",
					"\"$(SRCROOT)/../../build/bin/systems\"",
				);
				PRODUCT_NAME = "$(TARGET_NAME)";
				WRAPPER_EXTENSION = app;
			};
			name = Debug;
		};
		CD40732E14C47B8E00D2E3BD /* Release */ = {
			isa = XCBuildConfiguration;
			buildSettings = {
				GCC_PRECOMPILE_PREFIX_HEADER = NO;
				GCC_PREFIX_HEADER = "";
				INFOPLIST_FILE = ../../game/Info.plist;
				LIBRARY_SEARCH_PATHS = (
					"$(inherited)",
					"\"$(SRCROOT)/../../build/bin\"",
					"\"$(SRCROOT)/../../build/bin/systems\"",
				);
				PRODUCT_NAME = "$(TARGET_NAME)";
				WRAPPER_EXTENSION = app;
			};
			name = Release;
		};
/* End XCBuildConfiguration section */

/* Begin XCConfigurationList section */
		CD40730814C47B8E00D2E3BD /* Build configuration list for PBXProject "game" */ = {
			isa = XCConfigurationList;
			buildConfigurations = (
				CD40732A14C47B8E00D2E3BD /* Debug */,
				CD40732B14C47B8E00D2E3BD /* Release */,
			);
			defaultConfigurationIsVisible = 0;
			defaultConfigurationName = Release;
		};
		CD40732C14C47B8E00D2E3BD /* Build configuration list for PBXNativeTarget "game" */ = {
			isa = XCConfigurationList;
			buildConfigurations = (
				CD40732D14C47B8E00D2E3BD /* Debug */,
				CD40732E14C47B8E00D2E3BD /* Release */,
			);
			defaultConfigurationIsVisible = 0;
			defaultConfigurationName = Release;
		};
/* End XCConfigurationList section */
	};
	rootObject = CD40730514C47B8E00D2E3BD /* Project object */;
}
