// !$*UTF8*$!
{
	archiveVersion = 1;
	classes = {
	};
	objectVersion = 46;
	objects = {

/* Begin PBXBuildFile section */
		CD3E47D614CF3643009BE07D /* renderEngine.cpp in Sources */ = {isa = PBXBuildFile; fileRef = CD3E47D414CF3643009BE07D /* renderEngine.cpp */; };
		CD3E47D714CF3643009BE07D /* renderEngine.h in Headers */ = {isa = PBXBuildFile; fileRef = CD3E47D514CF3643009BE07D /* renderEngine.h */; };
/* End PBXBuildFile section */

/* Begin PBXFileReference section */
		CD3E47C914CF3600009BE07D /* librenderEngine.a */ = {isa = PBXFileReference; explicitFileType = archive.ar; includeInIndex = 0; path = librenderEngine.a; sourceTree = BUILT_PRODUCTS_DIR; };
		CD3E47D414CF3643009BE07D /* renderEngine.cpp */ = {isa = PBXFileReference; fileEncoding = 4; lastKnownFileType = sourcecode.cpp.cpp; path = renderEngine.cpp; sourceTree = "<group>"; };
		CD3E47D514CF3643009BE07D /* renderEngine.h */ = {isa = PBXFileReference; fileEncoding = 4; lastKnownFileType = sourcecode.c.h; path = renderEngine.h; sourceTree = "<group>"; };
/* End PBXFileReference section */

/* Begin PBXFrameworksBuildPhase section */
		CD3E47C614CF3600009BE07D /* Frameworks */ = {
			isa = PBXFrameworksBuildPhase;
			buildActionMask = 2147483647;
			files = (
			);
			runOnlyForDeploymentPostprocessing = 0;
		};
/* End PBXFrameworksBuildPhase section */

/* Begin PBXGroup section */
		CD3E47BE14CF3600009BE07D = {
			isa = PBXGroup;
			children = (
				CD3E47D414CF3643009BE07D /* renderEngine.cpp */,
				CD3E47D514CF3643009BE07D /* renderEngine.h */,
				CD3E47CA14CF3600009BE07D /* Products */,
			);
			sourceTree = "<group>";
		};
		CD3E47CA14CF3600009BE07D /* Products */ = {
			isa = PBXGroup;
			children = (
				CD3E47C914CF3600009BE07D /* librenderEngine.a */,
			);
			name = Products;
			sourceTree = "<group>";
		};
/* End PBXGroup section */

/* Begin PBXHeadersBuildPhase section */
		CD3E47C714CF3600009BE07D /* Headers */ = {
			isa = PBXHeadersBuildPhase;
			buildActionMask = 2147483647;
			files = (
				CD3E47D714CF3643009BE07D /* renderEngine.h in Headers */,
			);
			runOnlyForDeploymentPostprocessing = 0;
		};
/* End PBXHeadersBuildPhase section */

/* Begin PBXNativeTarget section */
		CD3E47C814CF3600009BE07D /* renderEngine */ = {
			isa = PBXNativeTarget;
			buildConfigurationList = CD3E47CD14CF3600009BE07D /* Build configuration list for PBXNativeTarget "renderEngine" */;
			buildPhases = (
				CD3E47C514CF3600009BE07D /* Sources */,
				CD3E47C614CF3600009BE07D /* Frameworks */,
				CD3E47C714CF3600009BE07D /* Headers */,
			);
			buildRules = (
			);
			dependencies = (
			);
			name = renderEngine;
			productName = renderEngine;
			productReference = CD3E47C914CF3600009BE07D /* librenderEngine.a */;
			productType = "com.apple.product-type.library.static";
		};
/* End PBXNativeTarget section */

/* Begin PBXProject section */
		CD3E47C014CF3600009BE07D /* Project object */ = {
			isa = PBXProject;
			attributes = {
				LastUpgradeCheck = 0420;
			};
			buildConfigurationList = CD3E47C314CF3600009BE07D /* Build configuration list for PBXProject "renderEngine" */;
			compatibilityVersion = "Xcode 3.2";
			developmentRegion = English;
			hasScannedForEncodings = 0;
			knownRegions = (
				en,
			);
			mainGroup = CD3E47BE14CF3600009BE07D;
			productRefGroup = CD3E47CA14CF3600009BE07D /* Products */;
			projectDirPath = "";
			projectRoot = "";
			targets = (
				CD3E47C814CF3600009BE07D /* renderEngine */,
			);
		};
/* End PBXProject section */

/* Begin PBXSourcesBuildPhase section */
		CD3E47C514CF3600009BE07D /* Sources */ = {
			isa = PBXSourcesBuildPhase;
			buildActionMask = 2147483647;
			files = (
				CD3E47D614CF3643009BE07D /* renderEngine.cpp in Sources */,
			);
			runOnlyForDeploymentPostprocessing = 0;
		};
/* End PBXSourcesBuildPhase section */

/* Begin XCBuildConfiguration section */
		CD3E47CB14CF3600009BE07D /* Debug */ = {
			isa = XCBuildConfiguration;
			buildSettings = {
				ALWAYS_SEARCH_USER_PATHS = NO;
				ARCHS = "$(ARCHS_STANDARD_64_BIT)";
				CLANG_CXX_LANGUAGE_STANDARD = "c++98";
				CLANG_WARN_IMPLICIT_SIGN_CONVERSION = YES;
				CLANG_WARN_SUSPICIOUS_IMPLICIT_CONVERSION = YES;
				CONFIGURATION_BUILD_DIR = ../../build/bin;
				CONFIGURATION_TEMP_DIR = ../../build/obj;
				COPY_PHASE_STRIP = NO;
				GCC_C_LANGUAGE_STANDARD = ansi;
				GCC_DYNAMIC_NO_PIC = NO;
				GCC_ENABLE_CPP_EXCEPTIONS = NO;
				GCC_ENABLE_CPP_RTTI = NO;
				GCC_ENABLE_OBJC_EXCEPTIONS = YES;
				GCC_OPTIMIZATION_LEVEL = 0;
				GCC_PREPROCESSOR_DEFINITIONS = (
					"DEBUG=1",
					"$(inherited)",
				);
				GCC_SYMBOLS_PRIVATE_EXTERN = NO;
				GCC_VERSION = com.apple.compilers.llvm.clang.1_0;
				GCC_WARN_64_TO_32_BIT_CONVERSION = YES;
				GCC_WARN_ABOUT_MISSING_NEWLINE = YES;
				GCC_WARN_ABOUT_MISSING_PROTOTYPES = YES;
				GCC_WARN_ABOUT_RETURN_TYPE = YES;
				GCC_WARN_HIDDEN_VIRTUAL_FUNCTIONS = YES;
				GCC_WARN_INITIALIZER_NOT_FULLY_BRACKETED = YES;
				GCC_WARN_NON_VIRTUAL_DESTRUCTOR = YES;
				GCC_WARN_PEDANTIC = YES;
				GCC_WARN_SHADOW = YES;
				GCC_WARN_UNINITIALIZED_AUTOS = YES;
				GCC_WARN_UNUSED_PARAMETER = YES;
				GCC_WARN_UNUSED_VARIABLE = YES;
				MACOSX_DEPLOYMENT_TARGET = 10.7;
				OBJROOT = ../../build/obj;
				ONLY_ACTIVE_ARCH = YES;
				SDKROOT = macosx;
				SYMROOT = ../../build/bin;
			};
			name = Debug;
		};
		CD3E47CC14CF3600009BE07D /* Release */ = {
			isa = XCBuildConfiguration;
			buildSettings = {
				ALWAYS_SEARCH_USER_PATHS = NO;
				ARCHS = "$(ARCHS_STANDARD_64_BIT)";
				CLANG_CXX_LANGUAGE_STANDARD = "c++98";
				CLANG_WARN_IMPLICIT_SIGN_CONVERSION = YES;
				CLANG_WARN_SUSPICIOUS_IMPLICIT_CONVERSION = YES;
				CONFIGURATION_BUILD_DIR = ../../build/bin;
				CONFIGURATION_TEMP_DIR = ../../build/obj;
				COPY_PHASE_STRIP = YES;
				DEBUG_INFORMATION_FORMAT = "dwarf-with-dsym";
				GCC_C_LANGUAGE_STANDARD = ansi;
				GCC_ENABLE_CPP_EXCEPTIONS = NO;
				GCC_ENABLE_CPP_RTTI = NO;
				GCC_ENABLE_OBJC_EXCEPTIONS = YES;
				GCC_VERSION = com.apple.compilers.llvm.clang.1_0;
				GCC_WARN_64_TO_32_BIT_CONVERSION = YES;
				GCC_WARN_ABOUT_MISSING_NEWLINE = YES;
				GCC_WARN_ABOUT_MISSING_PROTOTYPES = YES;
				GCC_WARN_ABOUT_RETURN_TYPE = YES;
				GCC_WARN_HIDDEN_VIRTUAL_FUNCTIONS = YES;
				GCC_WARN_INITIALIZER_NOT_FULLY_BRACKETED = YES;
				GCC_WARN_NON_VIRTUAL_DESTRUCTOR = YES;
				GCC_WARN_PEDANTIC = YES;
				GCC_WARN_SHADOW = YES;
				GCC_WARN_UNINITIALIZED_AUTOS = YES;
				GCC_WARN_UNUSED_PARAMETER = YES;
				GCC_WARN_UNUSED_VARIABLE = YES;
				MACOSX_DEPLOYMENT_TARGET = 10.7;
				OBJROOT = ../../build/obj;
				SDKROOT = macosx;
				SYMROOT = ../../build/bin;
			};
			name = Release;
		};
		CD3E47CE14CF3600009BE07D /* Debug */ = {
			isa = XCBuildConfiguration;
			buildSettings = {
				EXECUTABLE_PREFIX = lib;
				PRODUCT_NAME = "$(TARGET_NAME)";
			};
			name = Debug;
		};
		CD3E47CF14CF3600009BE07D /* Release */ = {
			isa = XCBuildConfiguration;
			buildSettings = {
				EXECUTABLE_PREFIX = lib;
				PRODUCT_NAME = "$(TARGET_NAME)";
			};
			name = Release;
		};
/* End XCBuildConfiguration section */

/* Begin XCConfigurationList section */
		CD3E47C314CF3600009BE07D /* Build configuration list for PBXProject "renderEngine" */ = {
			isa = XCConfigurationList;
			buildConfigurations = (
				CD3E47CB14CF3600009BE07D /* Debug */,
				CD3E47CC14CF3600009BE07D /* Release */,
			);
			defaultConfigurationIsVisible = 0;
			defaultConfigurationName = Release;
		};
		CD3E47CD14CF3600009BE07D /* Build configuration list for PBXNativeTarget "renderEngine" */ = {
			isa = XCConfigurationList;
			buildConfigurations = (
				CD3E47CE14CF3600009BE07D /* Debug */,
				CD3E47CF14CF3600009BE07D /* Release */,
			);
			defaultConfigurationIsVisible = 0;
			defaultConfigurationName = Release;
		};
/* End XCConfigurationList section */
	};
	rootObject = CD3E47C014CF3600009BE07D /* Project object */;
}
