<?xml version="1.0" encoding="utf-8"?>
<Project ToolsVersion="4.0" xmlns="http://schemas.microsoft.com/developer/msbuild/2003">
  <ItemGroup>
    <Filter Include="Source Files">
      <UniqueIdentifier>{4FC737F1-C7A5-4376-A066-2A32D752A2FF}</UniqueIdentifier>
      <Extensions>cpp;c;cc;cxx;def;odl;idl;hpj;bat;asm;asmx</Extensions>
    </Filter>
    <Filter Include="Header Files">
      <UniqueIdentifier>{93995380-89BD-4b04-88EB-625FBE52EBFB}</UniqueIdentifier>
      <Extensions>h;hpp;hxx;hm;inl;inc;xsd</Extensions>
    </Filter>
    <Filter Include="glew">
      <UniqueIdentifier>{bee2a7ae-3b99-4058-988a-e7505f1fd72d}</UniqueIdentifier>
    </Filter>
    <Filter Include="glew\gl">
      <UniqueIdentifier>{c911e86d-1d66-4923-a91f-f5ee815ed042}</UniqueIdentifier>
    </Filter>
  </ItemGroup>
  <ItemGroup>
    <ClInclude Include="renderEngine.h">
      <Filter>Header Files</Filter>
    </ClInclude>
    <ClInclude Include="graphicsDevice.h">
      <Filter>Header Files</Filter>
    </ClInclude>
    <ClInclude Include="glew\gl\wglew.h">
      <Filter>glew\gl</Filter>
    </ClInclude>
    <ClInclude Include="glew\gl\glew.h">
      <Filter>glew\gl</Filter>
    </ClInclude>
    <ClInclude Include="glew\gl\glxew.h">
      <Filter>glew\gl</Filter>
    </ClInclude>
    <ClInclude Include="renderEngineInternal.h">
      <Filter>Header Files</Filter>
    </ClInclude>
  </ItemGroup>
  <ItemGroup>
    <ClCompile Include="renderEngine.cpp">
      <Filter>Source Files</Filter>
    </ClCompile>
    <ClCompile Include="glew\glew.c">
      <Filter>glew</Filter>
    </ClCompile>
    <ClCompile Include="graphicsDevice_opengl.cpp">
      <Filter>Source Files</Filter>
    </ClCompile>
  </ItemGroup>
</Project>